
Microsoft Visual Studio Solution File, Format Version 12.00
# Visual Studio 15
VisualStudioVersion = 15.0.27130.2010
MinimumVisualStudioVersion = 10.0.40219.1
Project("{9A19103F-16F7-4668-BE54-9A1E7A4F7556}") = "bitprim", "bitprim\bitprim.csproj", "{A8818430-8063-42CF-A935-EA6093975364}"
EndProject
Project("{9A19103F-16F7-4668-BE54-9A1E7A4F7556}") = "bitprim.tests", "bitprim.tests\bitprim.tests.csproj", "{78411BF0-35E5-4240-8B55-FB06C6BC4E47}"
EndProject
Project("{9A19103F-16F7-4668-BE54-9A1E7A4F7556}") = "bitprim.restapi", "bitprim.restapi\bitprim.restapi.csproj", "{AA544A77-1A4D-4DA6-A1E2-4DE44C9EBA23}"
EndProject
Project("{FAE04EC0-301F-11D3-BF4B-00C04F79EFBC}") = "bitprim.ibd", "bitprim.ibd\bitprim.ibd.csproj", "{531EB0F7-7A9C-4108-B145-9FE8BA297D48}"
EndProject
Global
	GlobalSection(SolutionConfigurationPlatforms) = preSolution
		Debug|Any CPU = Debug|Any CPU
		Debug|x64 = Debug|x64
		Release|Any CPU = Release|Any CPU
		Release|x64 = Release|x64
	EndGlobalSection
	GlobalSection(ProjectConfigurationPlatforms) = postSolution
		{A8818430-8063-42CF-A935-EA6093975364}.Debug|Any CPU.ActiveCfg = Debug|Any CPU
		{A8818430-8063-42CF-A935-EA6093975364}.Debug|Any CPU.Build.0 = Debug|Any CPU
		{A8818430-8063-42CF-A935-EA6093975364}.Debug|x64.ActiveCfg = Debug|x64
		{A8818430-8063-42CF-A935-EA6093975364}.Debug|x64.Build.0 = Debug|x64
		{A8818430-8063-42CF-A935-EA6093975364}.Release|Any CPU.ActiveCfg = Release|Any CPU
		{A8818430-8063-42CF-A935-EA6093975364}.Release|Any CPU.Build.0 = Release|Any CPU
		{A8818430-8063-42CF-A935-EA6093975364}.Release|x64.ActiveCfg = Release|x64
		{A8818430-8063-42CF-A935-EA6093975364}.Release|x64.Build.0 = Release|x64
		{78411BF0-35E5-4240-8B55-FB06C6BC4E47}.Debug|Any CPU.ActiveCfg = Debug|Any CPU
		{78411BF0-35E5-4240-8B55-FB06C6BC4E47}.Debug|Any CPU.Build.0 = Debug|Any CPU
		{78411BF0-35E5-4240-8B55-FB06C6BC4E47}.Debug|x64.ActiveCfg = Debug|Any CPU
		{78411BF0-35E5-4240-8B55-FB06C6BC4E47}.Debug|x64.Build.0 = Debug|Any CPU
		{78411BF0-35E5-4240-8B55-FB06C6BC4E47}.Release|Any CPU.ActiveCfg = Release|Any CPU
		{78411BF0-35E5-4240-8B55-FB06C6BC4E47}.Release|Any CPU.Build.0 = Release|Any CPU
		{78411BF0-35E5-4240-8B55-FB06C6BC4E47}.Release|x64.ActiveCfg = Release|x64
		{78411BF0-35E5-4240-8B55-FB06C6BC4E47}.Release|x64.Build.0 = Release|x64
		{AA544A77-1A4D-4DA6-A1E2-4DE44C9EBA23}.Debug|Any CPU.ActiveCfg = Debug|Any CPU
		{AA544A77-1A4D-4DA6-A1E2-4DE44C9EBA23}.Debug|Any CPU.Build.0 = Debug|Any CPU
		{AA544A77-1A4D-4DA6-A1E2-4DE44C9EBA23}.Debug|x64.ActiveCfg = Debug|Any CPU
		{AA544A77-1A4D-4DA6-A1E2-4DE44C9EBA23}.Debug|x64.Build.0 = Debug|Any CPU
		{AA544A77-1A4D-4DA6-A1E2-4DE44C9EBA23}.Release|Any CPU.ActiveCfg = Release|Any CPU
		{AA544A77-1A4D-4DA6-A1E2-4DE44C9EBA23}.Release|Any CPU.Build.0 = Release|Any CPU
		{AA544A77-1A4D-4DA6-A1E2-4DE44C9EBA23}.Release|x64.ActiveCfg = Release|x64
		{AA544A77-1A4D-4DA6-A1E2-4DE44C9EBA23}.Release|x64.Build.0 = Release|x64
		{531EB0F7-7A9C-4108-B145-9FE8BA297D48}.Debug|Any CPU.ActiveCfg = Debug|Any CPU
		{531EB0F7-7A9C-4108-B145-9FE8BA297D48}.Debug|Any CPU.Build.0 = Debug|Any CPU
		{531EB0F7-7A9C-4108-B145-9FE8BA297D48}.Debug|x64.ActiveCfg = Debug|x64
		{531EB0F7-7A9C-4108-B145-9FE8BA297D48}.Debug|x64.Build.0 = Debug|x64
		{531EB0F7-7A9C-4108-B145-9FE8BA297D48}.Release|Any CPU.ActiveCfg = Release|Any CPU
		{531EB0F7-7A9C-4108-B145-9FE8BA297D48}.Release|Any CPU.Build.0 = Release|Any CPU
		{531EB0F7-7A9C-4108-B145-9FE8BA297D48}.Release|x64.ActiveCfg = Release|x64
		{531EB0F7-7A9C-4108-B145-9FE8BA297D48}.Release|x64.Build.0 = Release|x64
	EndGlobalSection
	GlobalSection(SolutionProperties) = preSolution
		HideSolutionNode = FALSE
	EndGlobalSection
	GlobalSection(ExtensibilityGlobals) = postSolution
		SolutionGuid = {25E6E2FA-7160-4A2F-8E6E-94026B3A905E}
	EndGlobalSection
EndGlobal
