
Microsoft Visual Studio Solution File, Format Version 12.00
# Visual Studio 15
VisualStudioVersion = 15.0.27130.2027
MinimumVisualStudioVersion = 10.0.40219.1
Project("{9A19103F-16F7-4668-BE54-9A1E7A4F7556}") = "bitprim-bch", "bitprim-bch\bitprim-bch.csproj", "{A8818430-8063-42CF-A935-EA6093975364}"
EndProject
Project("{9A19103F-16F7-4668-BE54-9A1E7A4F7556}") = "bitprim.tests.bch", "bitprim.tests.bch\bitprim.tests.bch.csproj", "{78411BF0-35E5-4240-8B55-FB06C6BC4E47}"
EndProject
Project("{9A19103F-16F7-4668-BE54-9A1E7A4F7556}") = "bitprim.console", "bitprim.console\bitprim.console.csproj", "{DFA8C018-ABBD-4008-B4E1-EE0DE14477D6}"
EndProject
Project("{9A19103F-16F7-4668-BE54-9A1E7A4F7556}") = "bitprim-btc", "bitprim-btc\bitprim-btc.csproj", "{6D2DD63A-143A-4F39-B219-2E8F226E53BD}"
EndProject
Project("{9A19103F-16F7-4668-BE54-9A1E7A4F7556}") = "bitprim.tests.btc", "bitprim.tests.btc\bitprim.tests.btc.csproj", "{E6A24977-E057-473A-AE03-CFA116823883}"
EndProject
Project("{FAE04EC0-301F-11D3-BF4B-00C04F79EFBC}") = "bitprim.tests.bch.keoken", "bitprim.tests.bch.keoken\bitprim.tests.bch.keoken.csproj", "{9DCB88E1-5DEF-4532-8D26-E98C03D24461}"
EndProject
Global
	GlobalSection(SolutionConfigurationPlatforms) = preSolution
		Debug|Any CPU = Debug|Any CPU
		Debug|x64 = Debug|x64
		Release|Any CPU = Release|Any CPU
		Release|x64 = Release|x64
	EndGlobalSection
	GlobalSection(ProjectConfigurationPlatforms) = postSolution
		{A8818430-8063-42CF-A935-EA6093975364}.Debug|Any CPU.ActiveCfg = Debug|Any CPU
		{A8818430-8063-42CF-A935-EA6093975364}.Debug|Any CPU.Build.0 = Debug|Any CPU
		{A8818430-8063-42CF-A935-EA6093975364}.Debug|x64.ActiveCfg = Debug|x64
		{A8818430-8063-42CF-A935-EA6093975364}.Debug|x64.Build.0 = Debug|x64
		{A8818430-8063-42CF-A935-EA6093975364}.Release|Any CPU.ActiveCfg = Release|Any CPU
		{A8818430-8063-42CF-A935-EA6093975364}.Release|Any CPU.Build.0 = Release|Any CPU
		{A8818430-8063-42CF-A935-EA6093975364}.Release|x64.ActiveCfg = Release|x64
		{A8818430-8063-42CF-A935-EA6093975364}.Release|x64.Build.0 = Release|x64
		{78411BF0-35E5-4240-8B55-FB06C6BC4E47}.Debug|Any CPU.ActiveCfg = Debug|Any CPU
		{78411BF0-35E5-4240-8B55-FB06C6BC4E47}.Debug|Any CPU.Build.0 = Debug|Any CPU
		{78411BF0-35E5-4240-8B55-FB06C6BC4E47}.Debug|x64.ActiveCfg = Debug|Any CPU
		{78411BF0-35E5-4240-8B55-FB06C6BC4E47}.Debug|x64.Build.0 = Debug|Any CPU
		{78411BF0-35E5-4240-8B55-FB06C6BC4E47}.Release|Any CPU.ActiveCfg = Release|Any CPU
		{78411BF0-35E5-4240-8B55-FB06C6BC4E47}.Release|Any CPU.Build.0 = Release|Any CPU
		{78411BF0-35E5-4240-8B55-FB06C6BC4E47}.Release|x64.ActiveCfg = Release|x64
		{78411BF0-35E5-4240-8B55-FB06C6BC4E47}.Release|x64.Build.0 = Release|x64
		{DFA8C018-ABBD-4008-B4E1-EE0DE14477D6}.Debug|Any CPU.ActiveCfg = Debug|Any CPU
		{DFA8C018-ABBD-4008-B4E1-EE0DE14477D6}.Debug|Any CPU.Build.0 = Debug|Any CPU
		{DFA8C018-ABBD-4008-B4E1-EE0DE14477D6}.Debug|x64.ActiveCfg = Debug|Any CPU
		{DFA8C018-ABBD-4008-B4E1-EE0DE14477D6}.Debug|x64.Build.0 = Debug|Any CPU
		{DFA8C018-ABBD-4008-B4E1-EE0DE14477D6}.Release|Any CPU.ActiveCfg = Release|Any CPU
		{DFA8C018-ABBD-4008-B4E1-EE0DE14477D6}.Release|Any CPU.Build.0 = Release|Any CPU
		{DFA8C018-ABBD-4008-B4E1-EE0DE14477D6}.Release|x64.ActiveCfg = Release|Any CPU
		{DFA8C018-ABBD-4008-B4E1-EE0DE14477D6}.Release|x64.Build.0 = Release|Any CPU
		{6D2DD63A-143A-4F39-B219-2E8F226E53BD}.Debug|Any CPU.ActiveCfg = Debug|Any CPU
		{6D2DD63A-143A-4F39-B219-2E8F226E53BD}.Debug|Any CPU.Build.0 = Debug|Any CPU
		{6D2DD63A-143A-4F39-B219-2E8F226E53BD}.Debug|x64.ActiveCfg = Debug|x64
		{6D2DD63A-143A-4F39-B219-2E8F226E53BD}.Debug|x64.Build.0 = Debug|x64
		{6D2DD63A-143A-4F39-B219-2E8F226E53BD}.Release|Any CPU.ActiveCfg = Release|Any CPU
		{6D2DD63A-143A-4F39-B219-2E8F226E53BD}.Release|Any CPU.Build.0 = Release|Any CPU
		{6D2DD63A-143A-4F39-B219-2E8F226E53BD}.Release|x64.ActiveCfg = Release|x64
		{6D2DD63A-143A-4F39-B219-2E8F226E53BD}.Release|x64.Build.0 = Release|x64
		{E6A24977-E057-473A-AE03-CFA116823883}.Debug|Any CPU.ActiveCfg = Debug|Any CPU
		{E6A24977-E057-473A-AE03-CFA116823883}.Debug|Any CPU.Build.0 = Debug|Any CPU
		{E6A24977-E057-473A-AE03-CFA116823883}.Debug|x64.ActiveCfg = Debug|x64
		{E6A24977-E057-473A-AE03-CFA116823883}.Debug|x64.Build.0 = Debug|x64
		{E6A24977-E057-473A-AE03-CFA116823883}.Release|Any CPU.ActiveCfg = Release|Any CPU
		{E6A24977-E057-473A-AE03-CFA116823883}.Release|Any CPU.Build.0 = Release|Any CPU
		{E6A24977-E057-473A-AE03-CFA116823883}.Release|x64.ActiveCfg = Release|x64
		{E6A24977-E057-473A-AE03-CFA116823883}.Release|x64.Build.0 = Release|x64
		{9DCB88E1-5DEF-4532-8D26-E98C03D24461}.Debug|Any CPU.ActiveCfg = Debug|Any CPU
		{9DCB88E1-5DEF-4532-8D26-E98C03D24461}.Debug|Any CPU.Build.0 = Debug|Any CPU
		{9DCB88E1-5DEF-4532-8D26-E98C03D24461}.Debug|x64.ActiveCfg = Debug|Any CPU
		{9DCB88E1-5DEF-4532-8D26-E98C03D24461}.Debug|x64.Build.0 = Debug|Any CPU
		{9DCB88E1-5DEF-4532-8D26-E98C03D24461}.Release|Any CPU.ActiveCfg = Release|Any CPU
		{9DCB88E1-5DEF-4532-8D26-E98C03D24461}.Release|Any CPU.Build.0 = Release|Any CPU
		{9DCB88E1-5DEF-4532-8D26-E98C03D24461}.Release|x64.ActiveCfg = Release|Any CPU
		{9DCB88E1-5DEF-4532-8D26-E98C03D24461}.Release|x64.Build.0 = Release|Any CPU
	EndGlobalSection
	GlobalSection(SolutionProperties) = preSolution
		HideSolutionNode = FALSE
	EndGlobalSection
	GlobalSection(ExtensibilityGlobals) = postSolution
		SolutionGuid = {25E6E2FA-7160-4A2F-8E6E-94026B3A905E}
	EndGlobalSection
EndGlobal
