{
 "graph_lock": {
  "nodes": {
   "0": {
    "options": "algorithm:tests=False\nblockchain:cflags=_DUMMY_\nblockchain:cmake_export_compile_commands=False\nblockchain:consensus=True\nblockchain:currency=BCH\nblockchain:cxxflags=_DUMMY_\nblockchain:db=full\nblockchain:db_readonly=False\nblockchain:fPIC=True\nblockchain:fix_march=False\nblockchain:glibcxx_supports_cxx11_abi=True\nblockchain:keoken=False\nblockchain:log=spdlog\nblockchain:march_id=4fZKi37a595hP\nblockchain:mempool=False\nblockchain:microarchitecture=x86-64\nblockchain:shared=False\nblockchain:tests=False\nblockchain:tools=False\nblockchain:use_libmdbx=False\nblockchain:verbose=False\nboost:addr2line_location=/usr/bin/addr2line\nboost:asio_no_deprecated=False\nboost:buildid=None\nboost:bzip2=True\nboost:debug_level=0\nboost:diagnostic_definitions=False\nboost:error_code_header_only=False\nboost:extra_b2_flags=None\nboost:fPIC=True\nboost:filesystem_no_deprecated=False\nboost:header_only=False\nboost:i18n_backend=deprecated\nboost:i18n_backend_iconv=libc\nboost:i18n_backend_icu=False\nboost:layout=system\nboost:lzma=False\nboost:magic_autolink=False\nboost:multithreading=True\nboost:namespace=boost\nboost:namespace_alias=False\nboost:numa=True\nboost:pch=True\nboost:python_executable=None\nboost:python_version=None\nboost:segmented_stacks=False\nboost:shared=False\nboost:system_no_deprecated=False\nboost:visibility=hidden\nboost:with_stacktrace_backtrace=True\nboost:without_atomic=False\nboost:without_chrono=False\nboost:without_container=False\nboost:without_context=False\nboost:without_contract=False\nboost:without_coroutine=False\nboost:without_date_time=False\nboost:without_exception=False\nboost:without_fiber=False\nboost:without_filesystem=False\nboost:without_graph=False\nboost:without_graph_parallel=True\nboost:without_iostreams=False\nboost:without_json=False\nboost:without_locale=False\nboost:without_log=False\nboost:without_math=False\nboost:without_mpi=True\nboost:without_nowide=False\nboost:without_program_options=False\nboost:without_python=True\nboost:without_random=False\nboost:without_regex=False\nboost:without_serialization=False\nboost:without_stacktrace=False\nboost:without_system=False\nboost:without_test=False\nboost:without_thread=False\nboost:without_timer=False\nboost:without_type_erasure=False\nboost:without_wave=False\nboost:zlib=True\nboost:zstd=False\nbzip2:build_executable=True\nbzip2:fPIC=True\nbzip2:shared=False\nc-api:cflags=_DUMMY_\nc-api:cmake_export_compile_commands=False\nc-api:console=False\nc-api:currency=BCH\nc-api:cxxflags=_DUMMY_\nc-api:db=full\nc-api:db_readonly=False\nc-api:fPIC=True\nc-api:fix_march=False\nc-api:glibcxx_supports_cxx11_abi=True\nc-api:keoken=False\nc-api:log=spdlog\nc-api:march_id=4fZKi37a595hP\nc-api:mempool=False\nc-api:microarchitecture=x86-64\nc-api:no_compilation=False\nc-api:shared=True\nc-api:tests=False\nc-api:use_libmdbx=False\nc-api:verbose=False\nconsensus:cflags=_DUMMY_\nconsensus:cmake_export_compile_commands=False\nconsensus:currency=BCH\nconsensus:cxxflags=_DUMMY_\nconsensus:fPIC=True\nconsensus:fix_march=False\nconsensus:glibcxx_supports_cxx11_abi=True\nconsensus:log=spdlog\nconsensus:march_id=4fZKi37a595hP\nconsensus:microarchitecture=x86-64\nconsensus:shared=False\nconsensus:tests=False\nconsensus:verbose=False\ndatabase:cached_rpc_data=False\ndatabase:cflags=_DUMMY_\ndatabase:cmake_export_compile_commands=False\ndatabase:currency=BCH\ndatabase:cxxflags=_DUMMY_\ndatabase:db=full\ndatabase:db_readonly=False\ndatabase:fPIC=True\ndatabase:fix_march=False\ndatabase:glibcxx_supports_cxx11_abi=True\ndatabase:log=spdlog\ndatabase:march_id=4fZKi37a595hP\ndatabase:measurements=False\ndatabase:microarchitecture=x86-64\ndatabase:shared=False\ndatabase:tests=False\ndatabase:tools=False\ndatabase:use_libmdbx=False\ndatabase:verbose=False\ndomain:cached_rpc_data=False\ndomain:cflags=_DUMMY_\ndomain:cmake_export_compile_commands=False\ndomain:currency=BCH\ndomain:cxxflags=_DUMMY_\ndomain:disable_get_blocks=False\ndomain:examples=False\ndomain:fPIC=True\ndomain:fix_march=False\ndomain:glibcxx_supports_cxx11_abi=True\ndomain:keoken=False\ndomain:log=spdlog\ndomain:march_id=4fZKi37a595hP\ndomain:microarchitecture=x86-64\ndomain:shared=False\ndomain:tests=False\ndomain:verbose=False\ndomain:with_icu=False\ndomain:with_qrencode=False\nfmt:header_only=True\nfmt:with_fmt_alias=False\ngmp:disable_assembly=True\ngmp:enable_cxx=True\ngmp:enable_fat=False\ngmp:fPIC=True\ngmp:run_checks=False\ngmp:shared=False\ninfrastructure:asio_standalone=False\ninfrastructure:cflags=_DUMMY_\ninfrastructure:cmake_export_compile_commands=False\ninfrastructure:cxxflags=_DUMMY_\ninfrastructure:examples=False\ninfrastructure:fPIC=True\ninfrastructure:fix_march=False\ninfrastructure:glibcxx_supports_cxx11_abi=True\ninfrastructure:log=spdlog\ninfrastructure:march_id=4fZKi37a595hP\ninfrastructure:microarchitecture=x86-64\ninfrastructure:shared=False\ninfrastructure:tests=False\ninfrastructure:verbose=False\ninfrastructure:with_icu=False\ninfrastructure:with_png=False\ninfrastructure:with_qrencode=False\nlibbacktrace:fPIC=True\nlibbacktrace:shared=False\nlmdb:fPIC=True\nlmdb:shared=False\nlmdb:verbose=False\nnetwork:cflags=_DUMMY_\nnetwork:cmake_export_compile_commands=False\nnetwork:currency=BCH\nnetwork:cxxflags=_DUMMY_\nnetwork:fPIC=True\nnetwork:fix_march=False\nnetwork:glibcxx_supports_cxx11_abi=True\nnetwork:log=spdlog\nnetwork:march_id=4fZKi37a595hP\nnetwork:microarchitecture=x86-64\nnetwork:shared=False\nnetwork:tests=False\nnetwork:verbose=False\nnode:cflags=_DUMMY_\nnode:cmake_export_compile_commands=False\nnode:currency=BCH\nnode:cxxflags=_DUMMY_\nnode:db=full\nnode:db_readonly=False\nnode:fPIC=True\nnode:fix_march=False\nnode:glibcxx_supports_cxx11_abi=True\nnode:keoken=False\nnode:log=spdlog\nnode:march_id=4fZKi37a595hP\nnode:mempool=False\nnode:microarchitecture=x86-64\nnode:shared=False\nnode:statistics=False\nnode:tests=False\nnode:use_libmdbx=False\nnode:verbose=False\nsecp256k1:benchmark=False\nsecp256k1:bignum_lib=True\nsecp256k1:cflags=_DUMMY_\nsecp256k1:cmake_export_compile_commands=False\nsecp256k1:cxxflags=_DUMMY_\nsecp256k1:enable_ecmult_static_precomputation=False\nsecp256k1:enable_endomorphism=False\nsecp256k1:enable_experimental=False\nsecp256k1:enable_module_ecdh=False\nsecp256k1:enable_module_multiset=True\nsecp256k1:enable_module_recovery=True\nsecp256k1:enable_module_schnorr=True\nsecp256k1:fPIC=True\nsecp256k1:fix_march=False\nsecp256k1:march_id=4fZKi37a595hP\nsecp256k1:microarchitecture=x86-64\nsecp256k1:openssl_tests=False\nsecp256k1:shared=False\nsecp256k1:tests=False\nsecp256k1:verbose=False\nspdlog:header_only=True\nspdlog:no_exceptions=False\nspdlog:wchar_filenames=False\nspdlog:wchar_support=False\nzlib:fPIC=True\nzlib:shared=False",
    "requires": [
     "1"
    ],
    "path": "conanfile.txt",
    "context": "host"
   },
   "1": {
    "ref": "c-api/0.22.1@kth/staging",
    "options": "cflags=_DUMMY_\ncmake_export_compile_commands=False\nconsole=False\ncurrency=BCH\ncxxflags=_DUMMY_\ndb=full\ndb_readonly=False\nfPIC=True\nfix_march=False\nglibcxx_supports_cxx11_abi=True\nkeoken=False\nlog=spdlog\nmarch_id=4fZKi37a595hP\nmempool=False\nmicroarchitecture=x86-64\nno_compilation=False\nshared=True\ntests=False\nuse_libmdbx=False\nverbose=False\nalgorithm:tests=False\nblockchain:cflags=_DUMMY_\nblockchain:cmake_export_compile_commands=False\nblockchain:consensus=True\nblockchain:currency=BCH\nblockchain:cxxflags=_DUMMY_\nblockchain:db=full\nblockchain:db_readonly=False\nblockchain:fPIC=True\nblockchain:fix_march=False\nblockchain:glibcxx_supports_cxx11_abi=True\nblockchain:keoken=False\nblockchain:log=spdlog\nblockchain:march_id=4fZKi37a595hP\nblockchain:mempool=False\nblockchain:microarchitecture=x86-64\nblockchain:shared=False\nblockchain:tests=False\nblockchain:tools=False\nblockchain:use_libmdbx=False\nblockchain:verbose=False\nboost:addr2line_location=/usr/bin/addr2line\nboost:asio_no_deprecated=False\nboost:buildid=None\nboost:bzip2=True\nboost:debug_level=0\nboost:diagnostic_definitions=False\nboost:error_code_header_only=False\nboost:extra_b2_flags=None\nboost:fPIC=True\nboost:filesystem_no_deprecated=False\nboost:header_only=False\nboost:i18n_backend=deprecated\nboost:i18n_backend_iconv=libc\nboost:i18n_backend_icu=False\nboost:layout=system\nboost:lzma=False\nboost:magic_autolink=False\nboost:multithreading=True\nboost:namespace=boost\nboost:namespace_alias=False\nboost:numa=True\nboost:pch=True\nboost:python_executable=None\nboost:python_version=None\nboost:segmented_stacks=False\nboost:shared=False\nboost:system_no_deprecated=False\nboost:visibility=hidden\nboost:with_stacktrace_backtrace=True\nboost:without_atomic=False\nboost:without_chrono=False\nboost:without_container=False\nboost:without_context=False\nboost:without_contract=False\nboost:without_coroutine=False\nboost:without_date_time=False\nboost:without_exception=False\nboost:without_fiber=False\nboost:without_filesystem=False\nboost:without_graph=False\nboost:without_graph_parallel=True\nboost:without_iostreams=False\nboost:without_json=False\nboost:without_locale=False\nboost:without_log=False\nboost:without_math=False\nboost:without_mpi=True\nboost:without_nowide=False\nboost:without_program_options=False\nboost:without_python=True\nboost:without_random=False\nboost:without_regex=False\nboost:without_serialization=False\nboost:without_stacktrace=False\nboost:without_system=False\nboost:without_test=False\nboost:without_thread=False\nboost:without_timer=False\nboost:without_type_erasure=False\nboost:without_wave=False\nboost:zlib=True\nboost:zstd=False\nbzip2:build_executable=True\nbzip2:fPIC=True\nbzip2:shared=False\nconsensus:cflags=_DUMMY_\nconsensus:cmake_export_compile_commands=False\nconsensus:currency=BCH\nconsensus:cxxflags=_DUMMY_\nconsensus:fPIC=True\nconsensus:fix_march=False\nconsensus:glibcxx_supports_cxx11_abi=True\nconsensus:log=spdlog\nconsensus:march_id=4fZKi37a595hP\nconsensus:microarchitecture=x86-64\nconsensus:shared=False\nconsensus:tests=False\nconsensus:verbose=False\ndatabase:cached_rpc_data=False\ndatabase:cflags=_DUMMY_\ndatabase:cmake_export_compile_commands=False\ndatabase:currency=BCH\ndatabase:cxxflags=_DUMMY_\ndatabase:db=full\ndatabase:db_readonly=False\ndatabase:fPIC=True\ndatabase:fix_march=False\ndatabase:glibcxx_supports_cxx11_abi=True\ndatabase:log=spdlog\ndatabase:march_id=4fZKi37a595hP\ndatabase:measurements=False\ndatabase:microarchitecture=x86-64\ndatabase:shared=False\ndatabase:tests=False\ndatabase:tools=False\ndatabase:use_libmdbx=False\ndatabase:verbose=False\ndomain:cached_rpc_data=False\ndomain:cflags=_DUMMY_\ndomain:cmake_export_compile_commands=False\ndomain:currency=BCH\ndomain:cxxflags=_DUMMY_\ndomain:disable_get_blocks=False\ndomain:examples=False\ndomain:fPIC=True\ndomain:fix_march=False\ndomain:glibcxx_supports_cxx11_abi=True\ndomain:keoken=False\ndomain:log=spdlog\ndomain:march_id=4fZKi37a595hP\ndomain:microarchitecture=x86-64\ndomain:shared=False\ndomain:tests=False\ndomain:verbose=False\ndomain:with_icu=False\ndomain:with_qrencode=False\nfmt:header_only=True\nfmt:with_fmt_alias=False\ngmp:disable_assembly=True\ngmp:enable_cxx=True\ngmp:enable_fat=False\ngmp:fPIC=True\ngmp:run_checks=False\ngmp:shared=False\ninfrastructure:asio_standalone=False\ninfrastructure:cflags=_DUMMY_\ninfrastructure:cmake_export_compile_commands=False\ninfrastructure:cxxflags=_DUMMY_\ninfrastructure:examples=False\ninfrastructure:fPIC=True\ninfrastructure:fix_march=False\ninfrastructure:glibcxx_supports_cxx11_abi=True\ninfrastructure:log=spdlog\ninfrastructure:march_id=4fZKi37a595hP\ninfrastructure:microarchitecture=x86-64\ninfrastructure:shared=False\ninfrastructure:tests=False\ninfrastructure:verbose=False\ninfrastructure:with_icu=False\ninfrastructure:with_png=False\ninfrastructure:with_qrencode=False\nlibbacktrace:fPIC=True\nlibbacktrace:shared=False\nlmdb:fPIC=True\nlmdb:shared=False\nlmdb:verbose=False\nnetwork:cflags=_DUMMY_\nnetwork:cmake_export_compile_commands=False\nnetwork:currency=BCH\nnetwork:cxxflags=_DUMMY_\nnetwork:fPIC=True\nnetwork:fix_march=False\nnetwork:glibcxx_supports_cxx11_abi=True\nnetwork:log=spdlog\nnetwork:march_id=4fZKi37a595hP\nnetwork:microarchitecture=x86-64\nnetwork:shared=False\nnetwork:tests=False\nnetwork:verbose=False\nnode:cflags=_DUMMY_\nnode:cmake_export_compile_commands=False\nnode:currency=BCH\nnode:cxxflags=_DUMMY_\nnode:db=full\nnode:db_readonly=False\nnode:fPIC=True\nnode:fix_march=False\nnode:glibcxx_supports_cxx11_abi=True\nnode:keoken=False\nnode:log=spdlog\nnode:march_id=4fZKi37a595hP\nnode:mempool=False\nnode:microarchitecture=x86-64\nnode:shared=False\nnode:statistics=False\nnode:tests=False\nnode:use_libmdbx=False\nnode:verbose=False\nsecp256k1:benchmark=False\nsecp256k1:bignum_lib=True\nsecp256k1:cflags=_DUMMY_\nsecp256k1:cmake_export_compile_commands=False\nsecp256k1:cxxflags=_DUMMY_\nsecp256k1:enable_ecmult_static_precomputation=False\nsecp256k1:enable_endomorphism=False\nsecp256k1:enable_experimental=False\nsecp256k1:enable_module_ecdh=False\nsecp256k1:enable_module_multiset=True\nsecp256k1:enable_module_recovery=True\nsecp256k1:enable_module_schnorr=True\nsecp256k1:fPIC=True\nsecp256k1:fix_march=False\nsecp256k1:march_id=4fZKi37a595hP\nsecp256k1:microarchitecture=x86-64\nsecp256k1:openssl_tests=False\nsecp256k1:shared=False\nsecp256k1:tests=False\nsecp256k1:verbose=False\nspdlog:header_only=True\nspdlog:no_exceptions=False\nspdlog:wchar_filenames=False\nspdlog:wchar_support=False\nzlib:fPIC=True\nzlib:shared=False",
    "package_id": "98069248353d6ac271695922fd1d0d12469c7e24",
    "prev": "0",
    "requires": [
     "2"
    ],
    "context": "host"
   },
   "2": {
    "ref": "node/0.22.0@kth/staging",
    "options": "cflags=_DUMMY_\ncmake_export_compile_commands=False\ncurrency=BCH\ncxxflags=_DUMMY_\ndb=full\ndb_readonly=False\nfPIC=True\nfix_march=False\nglibcxx_supports_cxx11_abi=True\nkeoken=False\nlog=spdlog\nmarch_id=4fZKi37a595hP\nmempool=False\nmicroarchitecture=x86-64\nshared=False\nstatistics=False\ntests=False\nuse_libmdbx=False\nverbose=False\nalgorithm:tests=False\nblockchain:cflags=_DUMMY_\nblockchain:cmake_export_compile_commands=False\nblockchain:consensus=True\nblockchain:currency=BCH\nblockchain:cxxflags=_DUMMY_\nblockchain:db=full\nblockchain:db_readonly=False\nblockchain:fPIC=True\nblockchain:fix_march=False\nblockchain:glibcxx_supports_cxx11_abi=True\nblockchain:keoken=False\nblockchain:log=spdlog\nblockchain:march_id=4fZKi37a595hP\nblockchain:mempool=False\nblockchain:microarchitecture=x86-64\nblockchain:shared=False\nblockchain:tests=False\nblockchain:tools=False\nblockchain:use_libmdbx=False\nblockchain:verbose=False\nboost:addr2line_location=/usr/bin/addr2line\nboost:asio_no_deprecated=False\nboost:buildid=None\nboost:bzip2=True\nboost:debug_level=0\nboost:diagnostic_definitions=False\nboost:error_code_header_only=False\nboost:extra_b2_flags=None\nboost:fPIC=True\nboost:filesystem_no_deprecated=False\nboost:header_only=False\nboost:i18n_backend=deprecated\nboost:i18n_backend_iconv=libc\nboost:i18n_backend_icu=False\nboost:layout=system\nboost:lzma=False\nboost:magic_autolink=False\nboost:multithreading=True\nboost:namespace=boost\nboost:namespace_alias=False\nboost:numa=True\nboost:pch=True\nboost:python_executable=None\nboost:python_version=None\nboost:segmented_stacks=False\nboost:shared=False\nboost:system_no_deprecated=False\nboost:visibility=hidden\nboost:with_stacktrace_backtrace=True\nboost:without_atomic=False\nboost:without_chrono=False\nboost:without_container=False\nboost:without_context=False\nboost:without_contract=False\nboost:without_coroutine=False\nboost:without_date_time=False\nboost:without_exception=False\nboost:without_fiber=False\nboost:without_filesystem=False\nboost:without_graph=False\nboost:without_graph_parallel=True\nboost:without_iostreams=False\nboost:without_json=False\nboost:without_locale=False\nboost:without_log=False\nboost:without_math=False\nboost:without_mpi=True\nboost:without_nowide=False\nboost:without_program_options=False\nboost:without_python=True\nboost:without_random=False\nboost:without_regex=False\nboost:without_serialization=False\nboost:without_stacktrace=False\nboost:without_system=False\nboost:without_test=False\nboost:without_thread=False\nboost:without_timer=False\nboost:without_type_erasure=False\nboost:without_wave=False\nboost:zlib=True\nboost:zstd=False\nbzip2:build_executable=True\nbzip2:fPIC=True\nbzip2:shared=False\nconsensus:cflags=_DUMMY_\nconsensus:cmake_export_compile_commands=False\nconsensus:currency=BCH\nconsensus:cxxflags=_DUMMY_\nconsensus:fPIC=True\nconsensus:fix_march=False\nconsensus:glibcxx_supports_cxx11_abi=True\nconsensus:log=spdlog\nconsensus:march_id=4fZKi37a595hP\nconsensus:microarchitecture=x86-64\nconsensus:shared=False\nconsensus:tests=False\nconsensus:verbose=False\ndatabase:cached_rpc_data=False\ndatabase:cflags=_DUMMY_\ndatabase:cmake_export_compile_commands=False\ndatabase:currency=BCH\ndatabase:cxxflags=_DUMMY_\ndatabase:db=full\ndatabase:db_readonly=False\ndatabase:fPIC=True\ndatabase:fix_march=False\ndatabase:glibcxx_supports_cxx11_abi=True\ndatabase:log=spdlog\ndatabase:march_id=4fZKi37a595hP\ndatabase:measurements=False\ndatabase:microarchitecture=x86-64\ndatabase:shared=False\ndatabase:tests=False\ndatabase:tools=False\ndatabase:use_libmdbx=False\ndatabase:verbose=False\ndomain:cached_rpc_data=False\ndomain:cflags=_DUMMY_\ndomain:cmake_export_compile_commands=False\ndomain:currency=BCH\ndomain:cxxflags=_DUMMY_\ndomain:disable_get_blocks=False\ndomain:examples=False\ndomain:fPIC=True\ndomain:fix_march=False\ndomain:glibcxx_supports_cxx11_abi=True\ndomain:keoken=False\ndomain:log=spdlog\ndomain:march_id=4fZKi37a595hP\ndomain:microarchitecture=x86-64\ndomain:shared=False\ndomain:tests=False\ndomain:verbose=False\ndomain:with_icu=False\ndomain:with_qrencode=False\nfmt:header_only=True\nfmt:with_fmt_alias=False\ngmp:disable_assembly=True\ngmp:enable_cxx=True\ngmp:enable_fat=False\ngmp:fPIC=True\ngmp:run_checks=False\ngmp:shared=False\ninfrastructure:asio_standalone=False\ninfrastructure:cflags=_DUMMY_\ninfrastructure:cmake_export_compile_commands=False\ninfrastructure:cxxflags=_DUMMY_\ninfrastructure:examples=False\ninfrastructure:fPIC=True\ninfrastructure:fix_march=False\ninfrastructure:glibcxx_supports_cxx11_abi=True\ninfrastructure:log=spdlog\ninfrastructure:march_id=4fZKi37a595hP\ninfrastructure:microarchitecture=x86-64\ninfrastructure:shared=False\ninfrastructure:tests=False\ninfrastructure:verbose=False\ninfrastructure:with_icu=False\ninfrastructure:with_png=False\ninfrastructure:with_qrencode=False\nlibbacktrace:fPIC=True\nlibbacktrace:shared=False\nlmdb:fPIC=True\nlmdb:shared=False\nlmdb:verbose=False\nnetwork:cflags=_DUMMY_\nnetwork:cmake_export_compile_commands=False\nnetwork:currency=BCH\nnetwork:cxxflags=_DUMMY_\nnetwork:fPIC=True\nnetwork:fix_march=False\nnetwork:glibcxx_supports_cxx11_abi=True\nnetwork:log=spdlog\nnetwork:march_id=4fZKi37a595hP\nnetwork:microarchitecture=x86-64\nnetwork:shared=False\nnetwork:tests=False\nnetwork:verbose=False\nsecp256k1:benchmark=False\nsecp256k1:bignum_lib=True\nsecp256k1:cflags=_DUMMY_\nsecp256k1:cmake_export_compile_commands=False\nsecp256k1:cxxflags=_DUMMY_\nsecp256k1:enable_ecmult_static_precomputation=False\nsecp256k1:enable_endomorphism=False\nsecp256k1:enable_experimental=False\nsecp256k1:enable_module_ecdh=False\nsecp256k1:enable_module_multiset=True\nsecp256k1:enable_module_recovery=True\nsecp256k1:enable_module_schnorr=True\nsecp256k1:fPIC=True\nsecp256k1:fix_march=False\nsecp256k1:march_id=4fZKi37a595hP\nsecp256k1:microarchitecture=x86-64\nsecp256k1:openssl_tests=False\nsecp256k1:shared=False\nsecp256k1:tests=False\nsecp256k1:verbose=False\nspdlog:header_only=True\nspdlog:no_exceptions=False\nspdlog:wchar_filenames=False\nspdlog:wchar_support=False\nzlib:fPIC=True\nzlib:shared=False",
    "package_id": "cd90a97627504e847813354ae7dfdcf26a1903ef",
    "prev": "0",
    "requires": [
     "3",
     "18"
    ],
    "context": "host"
   },
   "3": {
    "ref": "blockchain/0.17.0@kth/staging",
    "options": "cflags=_DUMMY_\ncmake_export_compile_commands=False\nconsensus=True\ncurrency=BCH\ncxxflags=_DUMMY_\ndb=full\ndb_readonly=False\nfPIC=True\nfix_march=False\nglibcxx_supports_cxx11_abi=True\nkeoken=False\nlog=spdlog\nmarch_id=4fZKi37a595hP\nmempool=False\nmicroarchitecture=x86-64\nshared=False\ntests=False\ntools=False\nuse_libmdbx=False\nverbose=False\nalgorithm:tests=False\nboost:addr2line_location=/usr/bin/addr2line\nboost:asio_no_deprecated=False\nboost:buildid=None\nboost:bzip2=True\nboost:debug_level=0\nboost:diagnostic_definitions=False\nboost:error_code_header_only=False\nboost:extra_b2_flags=None\nboost:fPIC=True\nboost:filesystem_no_deprecated=False\nboost:header_only=False\nboost:i18n_backend=deprecated\nboost:i18n_backend_iconv=libc\nboost:i18n_backend_icu=False\nboost:layout=system\nboost:lzma=False\nboost:magic_autolink=False\nboost:multithreading=True\nboost:namespace=boost\nboost:namespace_alias=False\nboost:numa=True\nboost:pch=True\nboost:python_executable=None\nboost:python_version=None\nboost:segmented_stacks=False\nboost:shared=False\nboost:system_no_deprecated=False\nboost:visibility=hidden\nboost:with_stacktrace_backtrace=True\nboost:without_atomic=False\nboost:without_chrono=False\nboost:without_container=False\nboost:without_context=False\nboost:without_contract=False\nboost:without_coroutine=False\nboost:without_date_time=False\nboost:without_exception=False\nboost:without_fiber=False\nboost:without_filesystem=False\nboost:without_graph=False\nboost:without_graph_parallel=True\nboost:without_iostreams=False\nboost:without_json=False\nboost:without_locale=False\nboost:without_log=False\nboost:without_math=False\nboost:without_mpi=True\nboost:without_nowide=False\nboost:without_program_options=False\nboost:without_python=True\nboost:without_random=False\nboost:without_regex=False\nboost:without_serialization=False\nboost:without_stacktrace=False\nboost:without_system=False\nboost:without_test=False\nboost:without_thread=False\nboost:without_timer=False\nboost:without_type_erasure=False\nboost:without_wave=False\nboost:zlib=True\nboost:zstd=False\nbzip2:build_executable=True\nbzip2:fPIC=True\nbzip2:shared=False\nconsensus:cflags=_DUMMY_\nconsensus:cmake_export_compile_commands=False\nconsensus:currency=BCH\nconsensus:cxxflags=_DUMMY_\nconsensus:fPIC=True\nconsensus:fix_march=False\nconsensus:glibcxx_supports_cxx11_abi=True\nconsensus:log=spdlog\nconsensus:march_id=4fZKi37a595hP\nconsensus:microarchitecture=x86-64\nconsensus:shared=False\nconsensus:tests=False\nconsensus:verbose=False\ndatabase:cached_rpc_data=False\ndatabase:cflags=_DUMMY_\ndatabase:cmake_export_compile_commands=False\ndatabase:currency=BCH\ndatabase:cxxflags=_DUMMY_\ndatabase:db=full\ndatabase:db_readonly=False\ndatabase:fPIC=True\ndatabase:fix_march=False\ndatabase:glibcxx_supports_cxx11_abi=True\ndatabase:log=spdlog\ndatabase:march_id=4fZKi37a595hP\ndatabase:measurements=False\ndatabase:microarchitecture=x86-64\ndatabase:shared=False\ndatabase:tests=False\ndatabase:tools=False\ndatabase:use_libmdbx=False\ndatabase:verbose=False\ndomain:cached_rpc_data=False\ndomain:cflags=_DUMMY_\ndomain:cmake_export_compile_commands=False\ndomain:currency=BCH\ndomain:cxxflags=_DUMMY_\ndomain:disable_get_blocks=False\ndomain:examples=False\ndomain:fPIC=True\ndomain:fix_march=False\ndomain:glibcxx_supports_cxx11_abi=True\ndomain:keoken=False\ndomain:log=spdlog\ndomain:march_id=4fZKi37a595hP\ndomain:microarchitecture=x86-64\ndomain:shared=False\ndomain:tests=False\ndomain:verbose=False\ndomain:with_icu=False\ndomain:with_qrencode=False\nfmt:header_only=True\nfmt:with_fmt_alias=False\ngmp:disable_assembly=True\ngmp:enable_cxx=True\ngmp:enable_fat=False\ngmp:fPIC=True\ngmp:run_checks=False\ngmp:shared=False\ninfrastructure:asio_standalone=False\ninfrastructure:cflags=_DUMMY_\ninfrastructure:cmake_export_compile_commands=False\ninfrastructure:cxxflags=_DUMMY_\ninfrastructure:examples=False\ninfrastructure:fPIC=True\ninfrastructure:fix_march=False\ninfrastructure:glibcxx_supports_cxx11_abi=True\ninfrastructure:log=spdlog\ninfrastructure:march_id=4fZKi37a595hP\ninfrastructure:microarchitecture=x86-64\ninfrastructure:shared=False\ninfrastructure:tests=False\ninfrastructure:verbose=False\ninfrastructure:with_icu=False\ninfrastructure:with_png=False\ninfrastructure:with_qrencode=False\nlibbacktrace:fPIC=True\nlibbacktrace:shared=False\nlmdb:fPIC=True\nlmdb:shared=False\nlmdb:verbose=False\nsecp256k1:benchmark=False\nsecp256k1:bignum_lib=True\nsecp256k1:cflags=_DUMMY_\nsecp256k1:cmake_export_compile_commands=False\nsecp256k1:cxxflags=_DUMMY_\nsecp256k1:enable_ecmult_static_precomputation=False\nsecp256k1:enable_endomorphism=False\nsecp256k1:enable_experimental=False\nsecp256k1:enable_module_ecdh=False\nsecp256k1:enable_module_multiset=True\nsecp256k1:enable_module_recovery=True\nsecp256k1:enable_module_schnorr=True\nsecp256k1:fPIC=True\nsecp256k1:fix_march=False\nsecp256k1:march_id=4fZKi37a595hP\nsecp256k1:microarchitecture=x86-64\nsecp256k1:openssl_tests=False\nsecp256k1:shared=False\nsecp256k1:tests=False\nsecp256k1:verbose=False\nspdlog:header_only=True\nspdlog:no_exceptions=False\nspdlog:wchar_filenames=False\nspdlog:wchar_support=False\nzlib:fPIC=True\nzlib:shared=False",
    "package_id": "0a0f078456c6b77fa2113533c5567c10753ecaf0",
    "prev": "0",
    "requires": [
     "4",
     "17"
    ],
    "context": "host"
   },
   "4": {
    "ref": "database/0.16.0@kth/staging",
    "options": "cached_rpc_data=False\ncflags=_DUMMY_\ncmake_export_compile_commands=False\ncurrency=BCH\ncxxflags=_DUMMY_\ndb=full\ndb_readonly=False\nfPIC=True\nfix_march=False\nglibcxx_supports_cxx11_abi=True\nlog=spdlog\nmarch_id=4fZKi37a595hP\nmeasurements=False\nmicroarchitecture=x86-64\nshared=False\ntests=False\ntools=False\nuse_libmdbx=False\nverbose=False\nalgorithm:tests=False\nboost:addr2line_location=/usr/bin/addr2line\nboost:asio_no_deprecated=False\nboost:buildid=None\nboost:bzip2=True\nboost:debug_level=0\nboost:diagnostic_definitions=False\nboost:error_code_header_only=False\nboost:extra_b2_flags=None\nboost:fPIC=True\nboost:filesystem_no_deprecated=False\nboost:header_only=False\nboost:i18n_backend=deprecated\nboost:i18n_backend_iconv=libc\nboost:i18n_backend_icu=False\nboost:layout=system\nboost:lzma=False\nboost:magic_autolink=False\nboost:multithreading=True\nboost:namespace=boost\nboost:namespace_alias=False\nboost:numa=True\nboost:pch=True\nboost:python_executable=None\nboost:python_version=None\nboost:segmented_stacks=False\nboost:shared=False\nboost:system_no_deprecated=False\nboost:visibility=hidden\nboost:with_stacktrace_backtrace=True\nboost:without_atomic=False\nboost:without_chrono=False\nboost:without_container=False\nboost:without_context=False\nboost:without_contract=False\nboost:without_coroutine=False\nboost:without_date_time=False\nboost:without_exception=False\nboost:without_fiber=False\nboost:without_filesystem=False\nboost:without_graph=False\nboost:without_graph_parallel=True\nboost:without_iostreams=False\nboost:without_json=False\nboost:without_locale=False\nboost:without_log=False\nboost:without_math=False\nboost:without_mpi=True\nboost:without_nowide=False\nboost:without_program_options=False\nboost:without_python=True\nboost:without_random=False\nboost:without_regex=False\nboost:without_serialization=False\nboost:without_stacktrace=False\nboost:without_system=False\nboost:without_test=False\nboost:without_thread=False\nboost:without_timer=False\nboost:without_type_erasure=False\nboost:without_wave=False\nboost:zlib=True\nboost:zstd=False\nbzip2:build_executable=True\nbzip2:fPIC=True\nbzip2:shared=False\ndomain:cached_rpc_data=False\ndomain:cflags=_DUMMY_\ndomain:cmake_export_compile_commands=False\ndomain:currency=BCH\ndomain:cxxflags=_DUMMY_\ndomain:disable_get_blocks=False\ndomain:examples=False\ndomain:fPIC=True\ndomain:fix_march=False\ndomain:glibcxx_supports_cxx11_abi=True\ndomain:keoken=False\ndomain:log=spdlog\ndomain:march_id=4fZKi37a595hP\ndomain:microarchitecture=x86-64\ndomain:shared=False\ndomain:tests=False\ndomain:verbose=False\ndomain:with_icu=False\ndomain:with_qrencode=False\nfmt:header_only=True\nfmt:with_fmt_alias=False\ngmp:disable_assembly=True\ngmp:enable_cxx=True\ngmp:enable_fat=False\ngmp:fPIC=True\ngmp:run_checks=False\ngmp:shared=False\ninfrastructure:asio_standalone=False\ninfrastructure:cflags=_DUMMY_\ninfrastructure:cmake_export_compile_commands=False\ninfrastructure:cxxflags=_DUMMY_\ninfrastructure:examples=False\ninfrastructure:fPIC=True\ninfrastructure:fix_march=False\ninfrastructure:glibcxx_supports_cxx11_abi=True\ninfrastructure:log=spdlog\ninfrastructure:march_id=4fZKi37a595hP\ninfrastructure:microarchitecture=x86-64\ninfrastructure:shared=False\ninfrastructure:tests=False\ninfrastructure:verbose=False\ninfrastructure:with_icu=False\ninfrastructure:with_png=False\ninfrastructure:with_qrencode=False\nlibbacktrace:fPIC=True\nlibbacktrace:shared=False\nlmdb:fPIC=True\nlmdb:shared=False\nlmdb:verbose=False\nsecp256k1:benchmark=False\nsecp256k1:bignum_lib=True\nsecp256k1:cflags=_DUMMY_\nsecp256k1:cmake_export_compile_commands=False\nsecp256k1:cxxflags=_DUMMY_\nsecp256k1:enable_ecmult_static_precomputation=False\nsecp256k1:enable_endomorphism=False\nsecp256k1:enable_experimental=False\nsecp256k1:enable_module_ecdh=False\nsecp256k1:enable_module_multiset=True\nsecp256k1:enable_module_recovery=True\nsecp256k1:enable_module_schnorr=True\nsecp256k1:fPIC=True\nsecp256k1:fix_march=False\nsecp256k1:march_id=4fZKi37a595hP\nsecp256k1:microarchitecture=x86-64\nsecp256k1:openssl_tests=False\nsecp256k1:shared=False\nsecp256k1:tests=False\nsecp256k1:verbose=False\nspdlog:header_only=True\nspdlog:no_exceptions=False\nspdlog:wchar_filenames=False\nspdlog:wchar_support=False\nzlib:fPIC=True\nzlib:shared=False",
    "package_id": "819cae77b0c1d51b96016fd74618ff5c35115fd0",
    "prev": "0",
    "requires": [
     "5",
     "6"
    ],
    "context": "host"
   },
   "5": {
    "ref": "lmdb/0.9.24@kth/stable",
    "options": "fPIC=True\nshared=False\nverbose=False",
    "package_id": "39aaeb71f358f382684814bdb6f04e3fc669ee47",
    "prev": "0",
    "context": "host"
   },
   "6": {
    "ref": "domain/0.17.0@kth/staging",
    "options": "cached_rpc_data=False\ncflags=_DUMMY_\ncmake_export_compile_commands=False\ncurrency=BCH\ncxxflags=_DUMMY_\ndisable_get_blocks=False\nexamples=False\nfPIC=True\nfix_march=False\nglibcxx_supports_cxx11_abi=True\nkeoken=False\nlog=spdlog\nmarch_id=4fZKi37a595hP\nmicroarchitecture=x86-64\nshared=False\ntests=False\nverbose=False\nwith_icu=False\nwith_qrencode=False\nalgorithm:tests=False\nboost:addr2line_location=/usr/bin/addr2line\nboost:asio_no_deprecated=False\nboost:buildid=None\nboost:bzip2=True\nboost:debug_level=0\nboost:diagnostic_definitions=False\nboost:error_code_header_only=False\nboost:extra_b2_flags=None\nboost:fPIC=True\nboost:filesystem_no_deprecated=False\nboost:header_only=False\nboost:i18n_backend=deprecated\nboost:i18n_backend_iconv=libc\nboost:i18n_backend_icu=False\nboost:layout=system\nboost:lzma=False\nboost:magic_autolink=False\nboost:multithreading=True\nboost:namespace=boost\nboost:namespace_alias=False\nboost:numa=True\nboost:pch=True\nboost:python_executable=None\nboost:python_version=None\nboost:segmented_stacks=False\nboost:shared=False\nboost:system_no_deprecated=False\nboost:visibility=hidden\nboost:with_stacktrace_backtrace=True\nboost:without_atomic=False\nboost:without_chrono=False\nboost:without_container=False\nboost:without_context=False\nboost:without_contract=False\nboost:without_coroutine=False\nboost:without_date_time=False\nboost:without_exception=False\nboost:without_fiber=False\nboost:without_filesystem=False\nboost:without_graph=False\nboost:without_graph_parallel=True\nboost:without_iostreams=False\nboost:without_json=False\nboost:without_locale=False\nboost:without_log=False\nboost:without_math=False\nboost:without_mpi=True\nboost:without_nowide=False\nboost:without_program_options=False\nboost:without_python=True\nboost:without_random=False\nboost:without_regex=False\nboost:without_serialization=False\nboost:without_stacktrace=False\nboost:without_system=False\nboost:without_test=False\nboost:without_thread=False\nboost:without_timer=False\nboost:without_type_erasure=False\nboost:without_wave=False\nboost:zlib=True\nboost:zstd=False\nbzip2:build_executable=True\nbzip2:fPIC=True\nbzip2:shared=False\nfmt:header_only=True\nfmt:with_fmt_alias=False\ngmp:disable_assembly=True\ngmp:enable_cxx=True\ngmp:enable_fat=False\ngmp:fPIC=True\ngmp:run_checks=False\ngmp:shared=False\ninfrastructure:asio_standalone=False\ninfrastructure:cflags=_DUMMY_\ninfrastructure:cmake_export_compile_commands=False\ninfrastructure:cxxflags=_DUMMY_\ninfrastructure:examples=False\ninfrastructure:fPIC=True\ninfrastructure:fix_march=False\ninfrastructure:glibcxx_supports_cxx11_abi=True\ninfrastructure:log=spdlog\ninfrastructure:march_id=4fZKi37a595hP\ninfrastructure:microarchitecture=x86-64\ninfrastructure:shared=False\ninfrastructure:tests=False\ninfrastructure:verbose=False\ninfrastructure:with_icu=False\ninfrastructure:with_png=False\ninfrastructure:with_qrencode=False\nlibbacktrace:fPIC=True\nlibbacktrace:shared=False\nsecp256k1:benchmark=False\nsecp256k1:bignum_lib=True\nsecp256k1:cflags=_DUMMY_\nsecp256k1:cmake_export_compile_commands=False\nsecp256k1:cxxflags=_DUMMY_\nsecp256k1:enable_ecmult_static_precomputation=False\nsecp256k1:enable_endomorphism=False\nsecp256k1:enable_experimental=False\nsecp256k1:enable_module_ecdh=False\nsecp256k1:enable_module_multiset=True\nsecp256k1:enable_module_recovery=True\nsecp256k1:enable_module_schnorr=True\nsecp256k1:fPIC=True\nsecp256k1:fix_march=False\nsecp256k1:march_id=4fZKi37a595hP\nsecp256k1:microarchitecture=x86-64\nsecp256k1:openssl_tests=False\nsecp256k1:shared=False\nsecp256k1:tests=False\nsecp256k1:verbose=False\nspdlog:header_only=True\nspdlog:no_exceptions=False\nspdlog:wchar_filenames=False\nspdlog:wchar_support=False\nzlib:fPIC=True\nzlib:shared=False",
    "package_id": "6c0e803888d15a2b9405b081594a94706d76d588",
    "prev": "0",
    "requires": [
     "7",
     "8",
     "10"
    ],
    "context": "host"
   },
   "7": {
    "ref": "algorithm/0.1.239@tao/stable",
    "options": "tests=False",
    "package_id": "4840973d2444cde9f04ae865e38e3aaa6dc0f094",
    "prev": "0",
    "context": "host"
   },
   "8": {
    "ref": "secp256k1/0.8.0@kth/staging",
    "options": "benchmark=False\nbignum_lib=True\ncflags=_DUMMY_\ncmake_export_compile_commands=False\ncxxflags=_DUMMY_\nenable_ecmult_static_precomputation=False\nenable_endomorphism=False\nenable_experimental=False\nenable_module_ecdh=False\nenable_module_multiset=True\nenable_module_recovery=True\nenable_module_schnorr=True\nfPIC=True\nfix_march=False\nmarch_id=4fZKi37a595hP\nmicroarchitecture=x86-64\nopenssl_tests=False\nshared=False\ntests=False\nverbose=False\ngmp:disable_assembly=True\ngmp:enable_cxx=True\ngmp:enable_fat=False\ngmp:fPIC=True\ngmp:run_checks=False\ngmp:shared=False",
    "package_id": "94868bdef937e4065e64dbe74f919be7aaf0042a",
    "prev": "0",
    "requires": [
     "9"
    ],
    "context": "host"
   },
   "9": {
    "ref": "gmp/6.2.1",
    "options": "disable_assembly=True\nenable_cxx=True\nenable_fat=False\nfPIC=True\nrun_checks=False\nshared=False",
    "package_id": "f7d295909e4a77ea9afe0e22daa8e7d48da26066",
    "prev": "0",
    "context": "host"
   },
   "10": {
    "ref": "infrastructure/0.14.0@kth/staging",
    "options": "asio_standalone=False\ncflags=_DUMMY_\ncmake_export_compile_commands=False\ncxxflags=_DUMMY_\nexamples=False\nfPIC=True\nfix_march=False\nglibcxx_supports_cxx11_abi=True\nlog=spdlog\nmarch_id=4fZKi37a595hP\nmicroarchitecture=x86-64\nshared=False\ntests=False\nverbose=False\nwith_icu=False\nwith_png=False\nwith_qrencode=False\nboost:addr2line_location=/usr/bin/addr2line\nboost:asio_no_deprecated=False\nboost:buildid=None\nboost:bzip2=True\nboost:debug_level=0\nboost:diagnostic_definitions=False\nboost:error_code_header_only=False\nboost:extra_b2_flags=None\nboost:fPIC=True\nboost:filesystem_no_deprecated=False\nboost:header_only=False\nboost:i18n_backend=deprecated\nboost:i18n_backend_iconv=libc\nboost:i18n_backend_icu=False\nboost:layout=system\nboost:lzma=False\nboost:magic_autolink=False\nboost:multithreading=True\nboost:namespace=boost\nboost:namespace_alias=False\nboost:numa=True\nboost:pch=True\nboost:python_executable=None\nboost:python_version=None\nboost:segmented_stacks=False\nboost:shared=False\nboost:system_no_deprecated=False\nboost:visibility=hidden\nboost:with_stacktrace_backtrace=True\nboost:without_atomic=False\nboost:without_chrono=False\nboost:without_container=False\nboost:without_context=False\nboost:without_contract=False\nboost:without_coroutine=False\nboost:without_date_time=False\nboost:without_exception=False\nboost:without_fiber=False\nboost:without_filesystem=False\nboost:without_graph=False\nboost:without_graph_parallel=True\nboost:without_iostreams=False\nboost:without_json=False\nboost:without_locale=False\nboost:without_log=False\nboost:without_math=False\nboost:without_mpi=True\nboost:without_nowide=False\nboost:without_program_options=False\nboost:without_python=True\nboost:without_random=False\nboost:without_regex=False\nboost:without_serialization=False\nboost:without_stacktrace=False\nboost:without_system=False\nboost:without_test=False\nboost:without_thread=False\nboost:without_timer=False\nboost:without_type_erasure=False\nboost:without_wave=False\nboost:zlib=True\nboost:zstd=False\nbzip2:build_executable=True\nbzip2:fPIC=True\nbzip2:shared=False\nfmt:header_only=True\nfmt:with_fmt_alias=False\ngmp:disable_assembly=True\ngmp:enable_cxx=True\ngmp:enable_fat=False\ngmp:fPIC=True\ngmp:run_checks=False\ngmp:shared=False\nlibbacktrace:fPIC=True\nlibbacktrace:shared=False\nsecp256k1:benchmark=False\nsecp256k1:bignum_lib=True\nsecp256k1:cflags=_DUMMY_\nsecp256k1:cmake_export_compile_commands=False\nsecp256k1:cxxflags=_DUMMY_\nsecp256k1:enable_ecmult_static_precomputation=False\nsecp256k1:enable_endomorphism=False\nsecp256k1:enable_experimental=False\nsecp256k1:enable_module_ecdh=False\nsecp256k1:enable_module_multiset=True\nsecp256k1:enable_module_recovery=True\nsecp256k1:enable_module_schnorr=True\nsecp256k1:fPIC=True\nsecp256k1:fix_march=False\nsecp256k1:march_id=4fZKi37a595hP\nsecp256k1:microarchitecture=x86-64\nsecp256k1:openssl_tests=False\nsecp256k1:shared=False\nsecp256k1:tests=False\nsecp256k1:verbose=False\nspdlog:header_only=True\nspdlog:no_exceptions=False\nspdlog:wchar_filenames=False\nspdlog:wchar_support=False\nzlib:fPIC=True\nzlib:shared=False",
    "package_id": "a8347adac4c3fe9e912308eeca2e397bd9055b76",
    "prev": "0",
    "requires": [
     "8",
     "11",
     "15",
     "16"
    ],
    "context": "host"
   },
   "11": {
    "ref": "boost/1.76.0",
    "options": "addr2line_location=/usr/bin/addr2line\nasio_no_deprecated=False\nbuildid=None\nbzip2=True\ndebug_level=0\ndiagnostic_definitions=False\nerror_code_header_only=False\nextra_b2_flags=None\nfPIC=True\nfilesystem_no_deprecated=False\nheader_only=False\ni18n_backend=deprecated\ni18n_backend_iconv=libc\ni18n_backend_icu=False\nlayout=system\nlzma=False\nmagic_autolink=False\nmultithreading=True\nnamespace=boost\nnamespace_alias=False\nnuma=True\npch=True\npython_executable=None\npython_version=None\nsegmented_stacks=False\nshared=False\nsystem_no_deprecated=False\nvisibility=hidden\nwith_stacktrace_backtrace=True\nwithout_atomic=False\nwithout_chrono=False\nwithout_container=False\nwithout_context=False\nwithout_contract=False\nwithout_coroutine=False\nwithout_date_time=False\nwithout_exception=False\nwithout_fiber=False\nwithout_filesystem=False\nwithout_graph=False\nwithout_graph_parallel=True\nwithout_iostreams=False\nwithout_json=False\nwithout_locale=False\nwithout_log=False\nwithout_math=False\nwithout_mpi=True\nwithout_nowide=False\nwithout_program_options=False\nwithout_python=True\nwithout_random=False\nwithout_regex=False\nwithout_serialization=False\nwithout_stacktrace=False\nwithout_system=False\nwithout_test=False\nwithout_thread=False\nwithout_timer=False\nwithout_type_erasure=False\nwithout_wave=False\nzlib=True\nzstd=False\nbzip2:build_executable=True\nbzip2:fPIC=True\nbzip2:shared=False\nlibbacktrace:fPIC=True\nlibbacktrace:shared=False\nzlib:fPIC=True\nzlib:shared=False",
    "package_id": "dc8aedd23a0f0a773a5fcdcfe1ae3e89c4205978",
    "prev": "0",
    "requires": [
     "12",
     "13",
     "14"
    ],
    "context": "host"
   },
   "12": {
    "ref": "zlib/1.2.11",
    "options": "fPIC=True\nshared=False",
    "package_id": "dfbe50feef7f3c6223a476cd5aeadb687084a646",
    "prev": "0",
    "context": "host"
   },
   "13": {
    "ref": "bzip2/1.0.8",
    "options": "build_executable=True\nfPIC=True\nshared=False",
    "package_id": "c32092bf4d4bb47cf962af898e02823f499b017e",
    "prev": "0",
    "context": "host"
   },
   "14": {
    "ref": "libbacktrace/cci.20210118",
    "options": "fPIC=True\nshared=False",
    "package_id": "dfbe50feef7f3c6223a476cd5aeadb687084a646",
    "prev": "0",
    "context": "host"
   },
   "15": {
    "ref": "fmt/8.0.1",
    "options": "header_only=True\nwith_fmt_alias=False",
    "package_id": "5ab84d6acfe1f23c4fae0ab88f26e3a396351ac9",
    "prev": "0",
    "context": "host"
   },
   "16": {
    "ref": "spdlog/1.9.1",
    "options": "header_only=True\nno_exceptions=False\nwchar_filenames=False\nwchar_support=False\nfmt:header_only=True\nfmt:with_fmt_alias=False",
    "package_id": "5ab84d6acfe1f23c4fae0ab88f26e3a396351ac9",
    "prev": "0",
    "requires": [
     "15"
    ],
    "context": "host"
   },
   "17": {
    "ref": "consensus/0.12.0@kth/staging",
    "options": "cflags=_DUMMY_\ncmake_export_compile_commands=False\ncurrency=BCH\ncxxflags=_DUMMY_\nfPIC=True\nfix_march=False\nglibcxx_supports_cxx11_abi=True\nlog=spdlog\nmarch_id=4fZKi37a595hP\nmicroarchitecture=x86-64\nshared=False\ntests=False\nverbose=False\nboost:addr2line_location=/usr/bin/addr2line\nboost:asio_no_deprecated=False\nboost:buildid=None\nboost:bzip2=True\nboost:debug_level=0\nboost:diagnostic_definitions=False\nboost:error_code_header_only=False\nboost:extra_b2_flags=None\nboost:fPIC=True\nboost:filesystem_no_deprecated=False\nboost:header_only=False\nboost:i18n_backend=deprecated\nboost:i18n_backend_iconv=libc\nboost:i18n_backend_icu=False\nboost:layout=system\nboost:lzma=False\nboost:magic_autolink=False\nboost:multithreading=True\nboost:namespace=boost\nboost:namespace_alias=False\nboost:numa=True\nboost:pch=True\nboost:python_executable=None\nboost:python_version=None\nboost:segmented_stacks=False\nboost:shared=False\nboost:system_no_deprecated=False\nboost:visibility=hidden\nboost:with_stacktrace_backtrace=True\nboost:without_atomic=False\nboost:without_chrono=False\nboost:without_container=False\nboost:without_context=False\nboost:without_contract=False\nboost:without_coroutine=False\nboost:without_date_time=False\nboost:without_exception=False\nboost:without_fiber=False\nboost:without_filesystem=False\nboost:without_graph=False\nboost:without_graph_parallel=True\nboost:without_iostreams=False\nboost:without_json=False\nboost:without_locale=False\nboost:without_log=False\nboost:without_math=False\nboost:without_mpi=True\nboost:without_nowide=False\nboost:without_program_options=False\nboost:without_python=True\nboost:without_random=False\nboost:without_regex=False\nboost:without_serialization=False\nboost:without_stacktrace=False\nboost:without_system=False\nboost:without_test=False\nboost:without_thread=False\nboost:without_timer=False\nboost:without_type_erasure=False\nboost:without_wave=False\nboost:zlib=True\nboost:zstd=False\nbzip2:build_executable=True\nbzip2:fPIC=True\nbzip2:shared=False\ngmp:disable_assembly=True\ngmp:enable_cxx=True\ngmp:enable_fat=False\ngmp:fPIC=True\ngmp:run_checks=False\ngmp:shared=False\nlibbacktrace:fPIC=True\nlibbacktrace:shared=False\nsecp256k1:benchmark=False\nsecp256k1:bignum_lib=True\nsecp256k1:cflags=_DUMMY_\nsecp256k1:cmake_export_compile_commands=False\nsecp256k1:cxxflags=_DUMMY_\nsecp256k1:enable_ecmult_static_precomputation=False\nsecp256k1:enable_endomorphism=False\nsecp256k1:enable_experimental=False\nsecp256k1:enable_module_ecdh=False\nsecp256k1:enable_module_multiset=True\nsecp256k1:enable_module_recovery=True\nsecp256k1:enable_module_schnorr=True\nsecp256k1:fPIC=True\nsecp256k1:fix_march=False\nsecp256k1:march_id=4fZKi37a595hP\nsecp256k1:microarchitecture=x86-64\nsecp256k1:openssl_tests=False\nsecp256k1:shared=False\nsecp256k1:tests=False\nsecp256k1:verbose=False\nzlib:fPIC=True\nzlib:shared=False",
    "package_id": "fac4b53985ca1cefd528bb5be8ab9f7bcec012ee",
    "prev": "0",
    "requires": [
     "11",
     "8"
    ],
    "context": "host"
   },
   "18": {
    "ref": "network/0.20.0@kth/staging",
    "options": "cflags=_DUMMY_\ncmake_export_compile_commands=False\ncurrency=BCH\ncxxflags=_DUMMY_\nfPIC=True\nfix_march=False\nglibcxx_supports_cxx11_abi=True\nlog=spdlog\nmarch_id=4fZKi37a595hP\nmicroarchitecture=x86-64\nshared=False\ntests=False\nverbose=False\nalgorithm:tests=False\nboost:addr2line_location=/usr/bin/addr2line\nboost:asio_no_deprecated=False\nboost:buildid=None\nboost:bzip2=True\nboost:debug_level=0\nboost:diagnostic_definitions=False\nboost:error_code_header_only=False\nboost:extra_b2_flags=None\nboost:fPIC=True\nboost:filesystem_no_deprecated=False\nboost:header_only=False\nboost:i18n_backend=deprecated\nboost:i18n_backend_iconv=libc\nboost:i18n_backend_icu=False\nboost:layout=system\nboost:lzma=False\nboost:magic_autolink=False\nboost:multithreading=True\nboost:namespace=boost\nboost:namespace_alias=False\nboost:numa=True\nboost:pch=True\nboost:python_executable=None\nboost:python_version=None\nboost:segmented_stacks=False\nboost:shared=False\nboost:system_no_deprecated=False\nboost:visibility=hidden\nboost:with_stacktrace_backtrace=True\nboost:without_atomic=False\nboost:without_chrono=False\nboost:without_container=False\nboost:without_context=False\nboost:without_contract=False\nboost:without_coroutine=False\nboost:without_date_time=False\nboost:without_exception=False\nboost:without_fiber=False\nboost:without_filesystem=False\nboost:without_graph=False\nboost:without_graph_parallel=True\nboost:without_iostreams=False\nboost:without_json=False\nboost:without_locale=False\nboost:without_log=False\nboost:without_math=False\nboost:without_mpi=True\nboost:without_nowide=False\nboost:without_program_options=False\nboost:without_python=True\nboost:without_random=False\nboost:without_regex=False\nboost:without_serialization=False\nboost:without_stacktrace=False\nboost:without_system=False\nboost:without_test=False\nboost:without_thread=False\nboost:without_timer=False\nboost:without_type_erasure=False\nboost:without_wave=False\nboost:zlib=True\nboost:zstd=False\nbzip2:build_executable=True\nbzip2:fPIC=True\nbzip2:shared=False\ndomain:cached_rpc_data=False\ndomain:cflags=_DUMMY_\ndomain:cmake_export_compile_commands=False\ndomain:currency=BCH\ndomain:cxxflags=_DUMMY_\ndomain:disable_get_blocks=False\ndomain:examples=False\ndomain:fPIC=True\ndomain:fix_march=False\ndomain:glibcxx_supports_cxx11_abi=True\ndomain:keoken=False\ndomain:log=spdlog\ndomain:march_id=4fZKi37a595hP\ndomain:microarchitecture=x86-64\ndomain:shared=False\ndomain:tests=False\ndomain:verbose=False\ndomain:with_icu=False\ndomain:with_qrencode=False\nfmt:header_only=True\nfmt:with_fmt_alias=False\ngmp:disable_assembly=True\ngmp:enable_cxx=True\ngmp:enable_fat=False\ngmp:fPIC=True\ngmp:run_checks=False\ngmp:shared=False\ninfrastructure:asio_standalone=False\ninfrastructure:cflags=_DUMMY_\ninfrastructure:cmake_export_compile_commands=False\ninfrastructure:cxxflags=_DUMMY_\ninfrastructure:examples=False\ninfrastructure:fPIC=True\ninfrastructure:fix_march=False\ninfrastructure:glibcxx_supports_cxx11_abi=True\ninfrastructure:log=spdlog\ninfrastructure:march_id=4fZKi37a595hP\ninfrastructure:microarchitecture=x86-64\ninfrastructure:shared=False\ninfrastructure:tests=False\ninfrastructure:verbose=False\ninfrastructure:with_icu=False\ninfrastructure:with_png=False\ninfrastructure:with_qrencode=False\nlibbacktrace:fPIC=True\nlibbacktrace:shared=False\nsecp256k1:benchmark=False\nsecp256k1:bignum_lib=True\nsecp256k1:cflags=_DUMMY_\nsecp256k1:cmake_export_compile_commands=False\nsecp256k1:cxxflags=_DUMMY_\nsecp256k1:enable_ecmult_static_precomputation=False\nsecp256k1:enable_endomorphism=False\nsecp256k1:enable_experimental=False\nsecp256k1:enable_module_ecdh=False\nsecp256k1:enable_module_multiset=True\nsecp256k1:enable_module_recovery=True\nsecp256k1:enable_module_schnorr=True\nsecp256k1:fPIC=True\nsecp256k1:fix_march=False\nsecp256k1:march_id=4fZKi37a595hP\nsecp256k1:microarchitecture=x86-64\nsecp256k1:openssl_tests=False\nsecp256k1:shared=False\nsecp256k1:tests=False\nsecp256k1:verbose=False\nspdlog:header_only=True\nspdlog:no_exceptions=False\nspdlog:wchar_filenames=False\nspdlog:wchar_support=False\nzlib:fPIC=True\nzlib:shared=False",
    "package_id": "89babca437eca3f3abf7dd2ea71ee56d242e3dc3",
    "prev": "0",
    "requires": [
     "6"
    ],
    "context": "host"
   }
  },
  "revisions_enabled": false
 },
 "version": "0.4",
 "profile_host": "[settings]\narch=x86_64\narch_build=x86_64\nbuild_type=Release\ncompiler=gcc\ncompiler.libcxx=libstdc++11\ncompiler.version=11\nos=Linux\nos_build=Linux\n[options]\n[build_requires]\n[env]\n"
}