{
 "graph_lock": {
  "nodes": {
   "0": {
    "options": "algorithm:tests=False\nblockchain:cflags=_DUMMY_\nblockchain:cmake_export_compile_commands=False\nblockchain:consensus=True\nblockchain:currency=BCH\nblockchain:cxxflags=_DUMMY_\nblockchain:db=default\nblockchain:db_readonly=False\nblockchain:fPIC=True\nblockchain:fix_march=False\nblockchain:glibcxx_supports_cxx11_abi=True\nblockchain:keoken=False\nblockchain:log=boost\nblockchain:march_id=4fZKi37a595hP\nblockchain:mempool=False\nblockchain:microarchitecture=x86-64\nblockchain:shared=False\nblockchain:tests=False\nblockchain:tools=False\nblockchain:use_libmdbx=False\nblockchain:verbose=False\nboost:cflags=_DUMMY_\nboost:cppstd=17\nboost:cxxflags=_DUMMY_\nboost:fPIC=True\nboost:fix_march=False\nboost:glibcxx_supports_cxx11_abi=True\nboost:header_only=False\nboost:march_id=4fZKi37a595hP\nboost:microarchitecture=x86-64\nboost:shared=False\nboost:use_bzip2=False\nboost:use_icu=True\nboost:use_zlib=False\nboost:verbose=False\nboost:without_atomic=True\nboost:without_chrono=True\nboost:without_container=True\nboost:without_context=True\nboost:without_contract=True\nboost:without_coroutine=True\nboost:without_date_time=False\nboost:without_exception=True\nboost:without_fiber=True\nboost:without_filesystem=False\nboost:without_graph=True\nboost:without_graph_parallel=True\nboost:without_headers=True\nboost:without_iostreams=False\nboost:without_locale=False\nboost:without_log=False\nboost:without_math=True\nboost:without_mpi=True\nboost:without_nowide=True\nboost:without_program_options=False\nboost:without_python=True\nboost:without_random=True\nboost:without_regex=True\nboost:without_serialization=True\nboost:without_stacktrace=True\nboost:without_system=False\nboost:without_test=False\nboost:without_thread=True\nboost:without_timer=True\nboost:without_type_erasure=True\nboost:without_wave=True\nc-api:cflags=_DUMMY_\nc-api:cmake_export_compile_commands=False\nc-api:console=False\nc-api:currency=BCH\nc-api:cxxflags=_DUMMY_\nc-api:db=default\nc-api:db_readonly=False\nc-api:fPIC=True\nc-api:fix_march=False\nc-api:glibcxx_supports_cxx11_abi=True\nc-api:keoken=False\nc-api:log=boost\nc-api:march_id=4fZKi37a595hP\nc-api:mempool=False\nc-api:microarchitecture=x86-64\nc-api:no_compilation=False\nc-api:shared=True\nc-api:tests=False\nc-api:use_libmdbx=False\nc-api:verbose=False\nconsensus:cflags=_DUMMY_\nconsensus:cmake_export_compile_commands=False\nconsensus:currency=BCH\nconsensus:cxxflags=_DUMMY_\nconsensus:fPIC=True\nconsensus:fix_march=False\nconsensus:glibcxx_supports_cxx11_abi=True\nconsensus:march_id=4fZKi37a595hP\nconsensus:microarchitecture=x86-64\nconsensus:shared=False\nconsensus:tests=False\nconsensus:verbose=False\ndatabase:cached_rpc_data=False\ndatabase:cflags=_DUMMY_\ndatabase:cmake_export_compile_commands=False\ndatabase:currency=BCH\ndatabase:cxxflags=_DUMMY_\ndatabase:db=default\ndatabase:db_readonly=False\ndatabase:fPIC=True\ndatabase:fix_march=False\ndatabase:glibcxx_supports_cxx11_abi=True\ndatabase:log=boost\ndatabase:march_id=4fZKi37a595hP\ndatabase:measurements=False\ndatabase:microarchitecture=x86-64\ndatabase:shared=False\ndatabase:tests=False\ndatabase:tools=False\ndatabase:use_libmdbx=False\ndatabase:verbose=False\ndomain:cached_rpc_data=False\ndomain:cflags=_DUMMY_\ndomain:cmake_export_compile_commands=False\ndomain:currency=BCH\ndomain:cxxflags=_DUMMY_\ndomain:examples=False\ndomain:fPIC=True\ndomain:fix_march=False\ndomain:glibcxx_supports_cxx11_abi=True\ndomain:keoken=False\ndomain:log=boost\ndomain:march_id=4fZKi37a595hP\ndomain:microarchitecture=x86-64\ndomain:shared=False\ndomain:tests=False\ndomain:verbose=False\ndomain:with_icu=False\ndomain:with_qrencode=False\nfmt:header_only=True\nfmt:with_fmt_alias=False\ngmp:disable-fft=False\ngmp:disable_assembly=False\ngmp:enable-assert=False\ngmp:enable_cxx=True\ngmp:enable_fat=False\ngmp:fPIC=True\ngmp:microarchitecture=x86_64\ngmp:shared=False\nicu:cflags=_DUMMY_\nicu:cxxflags=_DUMMY_\nicu:data_packaging=archive\nicu:fPIC=True\nicu:fix_march=False\nicu:glibcxx_supports_cxx11_abi=True\nicu:march_id=4fZKi37a595hP\nicu:microarchitecture=x86-64\nicu:shared=False\nicu:tests=False\nicu:verbose=False\ninfrastructure:cflags=_DUMMY_\ninfrastructure:cmake_export_compile_commands=False\ninfrastructure:cxxflags=_DUMMY_\ninfrastructure:examples=False\ninfrastructure:fPIC=True\ninfrastructure:fix_march=False\ninfrastructure:glibcxx_supports_cxx11_abi=True\ninfrastructure:log=boost\ninfrastructure:march_id=4fZKi37a595hP\ninfrastructure:microarchitecture=x86-64\ninfrastructure:shared=False\ninfrastructure:tests=False\ninfrastructure:verbose=False\ninfrastructure:with_icu=False\ninfrastructure:with_png=False\ninfrastructure:with_qrencode=False\nlmdb:fPIC=True\nlmdb:shared=False\nlmdb:verbose=False\nnetwork:cflags=_DUMMY_\nnetwork:cmake_export_compile_commands=False\nnetwork:currency=BCH\nnetwork:cxxflags=_DUMMY_\nnetwork:fPIC=True\nnetwork:fix_march=False\nnetwork:glibcxx_supports_cxx11_abi=True\nnetwork:log=boost\nnetwork:march_id=4fZKi37a595hP\nnetwork:microarchitecture=x86-64\nnetwork:shared=False\nnetwork:tests=False\nnetwork:verbose=False\nnode:cflags=_DUMMY_\nnode:cmake_export_compile_commands=False\nnode:currency=BCH\nnode:cxxflags=_DUMMY_\nnode:db=default\nnode:db_readonly=False\nnode:fPIC=True\nnode:fix_march=False\nnode:glibcxx_supports_cxx11_abi=True\nnode:keoken=False\nnode:log=boost\nnode:march_id=4fZKi37a595hP\nnode:mempool=False\nnode:microarchitecture=x86-64\nnode:shared=False\nnode:statistics=False\nnode:tests=False\nnode:use_libmdbx=False\nnode:verbose=False\nsecp256k1:benchmark=False\nsecp256k1:bignum_lib=True\nsecp256k1:cflags=_DUMMY_\nsecp256k1:cmake_export_compile_commands=False\nsecp256k1:cxxflags=_DUMMY_\nsecp256k1:enable_ecmult_static_precomputation=False\nsecp256k1:enable_endomorphism=False\nsecp256k1:enable_experimental=False\nsecp256k1:enable_module_ecdh=False\nsecp256k1:enable_module_multiset=True\nsecp256k1:enable_module_recovery=True\nsecp256k1:enable_module_schnorr=True\nsecp256k1:fPIC=True\nsecp256k1:fix_march=False\nsecp256k1:march_id=4fZKi37a595hP\nsecp256k1:microarchitecture=x86-64\nsecp256k1:openssl_tests=False\nsecp256k1:shared=False\nsecp256k1:tests=False\nsecp256k1:verbose=False",
    "requires": [
     "1"
    ],
    "path": "conanfile.txt",
    "context": "host"
   },
   "1": {
    "ref": "c-api/0.4.0@kth/staging",
    "options": "cflags=_DUMMY_\ncmake_export_compile_commands=False\nconsole=False\ncurrency=BCH\ncxxflags=_DUMMY_\ndb=default\ndb_readonly=False\nfPIC=True\nfix_march=False\nglibcxx_supports_cxx11_abi=True\nkeoken=False\nlog=boost\nmarch_id=4fZKi37a595hP\nmempool=False\nmicroarchitecture=x86-64\nno_compilation=False\nshared=True\ntests=False\nuse_libmdbx=False\nverbose=False\nalgorithm:tests=False\nblockchain:cflags=_DUMMY_\nblockchain:cmake_export_compile_commands=False\nblockchain:consensus=True\nblockchain:currency=BCH\nblockchain:cxxflags=_DUMMY_\nblockchain:db=default\nblockchain:db_readonly=False\nblockchain:fPIC=True\nblockchain:fix_march=False\nblockchain:glibcxx_supports_cxx11_abi=True\nblockchain:keoken=False\nblockchain:log=boost\nblockchain:march_id=4fZKi37a595hP\nblockchain:mempool=False\nblockchain:microarchitecture=x86-64\nblockchain:shared=False\nblockchain:tests=False\nblockchain:tools=False\nblockchain:use_libmdbx=False\nblockchain:verbose=False\nboost:cflags=_DUMMY_\nboost:cppstd=17\nboost:cxxflags=_DUMMY_\nboost:fPIC=True\nboost:fix_march=False\nboost:glibcxx_supports_cxx11_abi=True\nboost:header_only=False\nboost:march_id=4fZKi37a595hP\nboost:microarchitecture=x86-64\nboost:shared=False\nboost:use_bzip2=False\nboost:use_icu=True\nboost:use_zlib=False\nboost:verbose=False\nboost:without_atomic=True\nboost:without_chrono=True\nboost:without_container=True\nboost:without_context=True\nboost:without_contract=True\nboost:without_coroutine=True\nboost:without_date_time=False\nboost:without_exception=True\nboost:without_fiber=True\nboost:without_filesystem=False\nboost:without_graph=True\nboost:without_graph_parallel=True\nboost:without_headers=True\nboost:without_iostreams=False\nboost:without_locale=False\nboost:without_log=False\nboost:without_math=True\nboost:without_mpi=True\nboost:without_nowide=True\nboost:without_program_options=False\nboost:without_python=True\nboost:without_random=True\nboost:without_regex=True\nboost:without_serialization=True\nboost:without_stacktrace=True\nboost:without_system=False\nboost:without_test=False\nboost:without_thread=True\nboost:without_timer=True\nboost:without_type_erasure=True\nboost:without_wave=True\nconsensus:cflags=_DUMMY_\nconsensus:cmake_export_compile_commands=False\nconsensus:currency=BCH\nconsensus:cxxflags=_DUMMY_\nconsensus:fPIC=True\nconsensus:fix_march=False\nconsensus:glibcxx_supports_cxx11_abi=True\nconsensus:march_id=4fZKi37a595hP\nconsensus:microarchitecture=x86-64\nconsensus:shared=False\nconsensus:tests=False\nconsensus:verbose=False\ndatabase:cached_rpc_data=False\ndatabase:cflags=_DUMMY_\ndatabase:cmake_export_compile_commands=False\ndatabase:currency=BCH\ndatabase:cxxflags=_DUMMY_\ndatabase:db=default\ndatabase:db_readonly=False\ndatabase:fPIC=True\ndatabase:fix_march=False\ndatabase:glibcxx_supports_cxx11_abi=True\ndatabase:log=boost\ndatabase:march_id=4fZKi37a595hP\ndatabase:measurements=False\ndatabase:microarchitecture=x86-64\ndatabase:shared=False\ndatabase:tests=False\ndatabase:tools=False\ndatabase:use_libmdbx=False\ndatabase:verbose=False\ndomain:cached_rpc_data=False\ndomain:cflags=_DUMMY_\ndomain:cmake_export_compile_commands=False\ndomain:currency=BCH\ndomain:cxxflags=_DUMMY_\ndomain:examples=False\ndomain:fPIC=True\ndomain:fix_march=False\ndomain:glibcxx_supports_cxx11_abi=True\ndomain:keoken=False\ndomain:log=boost\ndomain:march_id=4fZKi37a595hP\ndomain:microarchitecture=x86-64\ndomain:shared=False\ndomain:tests=False\ndomain:verbose=False\ndomain:with_icu=False\ndomain:with_qrencode=False\nfmt:header_only=True\nfmt:with_fmt_alias=False\ngmp:disable-fft=False\ngmp:disable_assembly=False\ngmp:enable-assert=False\ngmp:enable_cxx=True\ngmp:enable_fat=False\ngmp:fPIC=True\ngmp:microarchitecture=x86_64\ngmp:shared=False\nicu:cflags=_DUMMY_\nicu:cxxflags=_DUMMY_\nicu:data_packaging=archive\nicu:fPIC=True\nicu:fix_march=False\nicu:glibcxx_supports_cxx11_abi=True\nicu:march_id=4fZKi37a595hP\nicu:microarchitecture=x86-64\nicu:shared=False\nicu:tests=False\nicu:verbose=False\ninfrastructure:cflags=_DUMMY_\ninfrastructure:cmake_export_compile_commands=False\ninfrastructure:cxxflags=_DUMMY_\ninfrastructure:examples=False\ninfrastructure:fPIC=True\ninfrastructure:fix_march=False\ninfrastructure:glibcxx_supports_cxx11_abi=True\ninfrastructure:log=boost\ninfrastructure:march_id=4fZKi37a595hP\ninfrastructure:microarchitecture=x86-64\ninfrastructure:shared=False\ninfrastructure:tests=False\ninfrastructure:verbose=False\ninfrastructure:with_icu=False\ninfrastructure:with_png=False\ninfrastructure:with_qrencode=False\nlmdb:fPIC=True\nlmdb:shared=False\nlmdb:verbose=False\nnetwork:cflags=_DUMMY_\nnetwork:cmake_export_compile_commands=False\nnetwork:currency=BCH\nnetwork:cxxflags=_DUMMY_\nnetwork:fPIC=True\nnetwork:fix_march=False\nnetwork:glibcxx_supports_cxx11_abi=True\nnetwork:log=boost\nnetwork:march_id=4fZKi37a595hP\nnetwork:microarchitecture=x86-64\nnetwork:shared=False\nnetwork:tests=False\nnetwork:verbose=False\nnode:cflags=_DUMMY_\nnode:cmake_export_compile_commands=False\nnode:currency=BCH\nnode:cxxflags=_DUMMY_\nnode:db=default\nnode:db_readonly=False\nnode:fPIC=True\nnode:fix_march=False\nnode:glibcxx_supports_cxx11_abi=True\nnode:keoken=False\nnode:log=boost\nnode:march_id=4fZKi37a595hP\nnode:mempool=False\nnode:microarchitecture=x86-64\nnode:shared=False\nnode:statistics=False\nnode:tests=False\nnode:use_libmdbx=False\nnode:verbose=False\nsecp256k1:benchmark=False\nsecp256k1:bignum_lib=True\nsecp256k1:cflags=_DUMMY_\nsecp256k1:cmake_export_compile_commands=False\nsecp256k1:cxxflags=_DUMMY_\nsecp256k1:enable_ecmult_static_precomputation=False\nsecp256k1:enable_endomorphism=False\nsecp256k1:enable_experimental=False\nsecp256k1:enable_module_ecdh=False\nsecp256k1:enable_module_multiset=True\nsecp256k1:enable_module_recovery=True\nsecp256k1:enable_module_schnorr=True\nsecp256k1:fPIC=True\nsecp256k1:fix_march=False\nsecp256k1:march_id=4fZKi37a595hP\nsecp256k1:microarchitecture=x86-64\nsecp256k1:openssl_tests=False\nsecp256k1:shared=False\nsecp256k1:tests=False\nsecp256k1:verbose=False",
    "package_id": "c72c0fc26029b1edd54e04eec0a475ef22a34388",
    "prev": "0",
    "requires": [
     "2"
    ],
    "context": "host"
   },
   "2": {
    "ref": "node/0.4.0@kth/staging",
    "options": "cflags=_DUMMY_\ncmake_export_compile_commands=False\ncurrency=BCH\ncxxflags=_DUMMY_\ndb=default\ndb_readonly=False\nfPIC=True\nfix_march=False\nglibcxx_supports_cxx11_abi=True\nkeoken=False\nlog=boost\nmarch_id=4fZKi37a595hP\nmempool=False\nmicroarchitecture=x86-64\nshared=False\nstatistics=False\ntests=False\nuse_libmdbx=False\nverbose=False\nalgorithm:tests=False\nblockchain:cflags=_DUMMY_\nblockchain:cmake_export_compile_commands=False\nblockchain:consensus=True\nblockchain:currency=BCH\nblockchain:cxxflags=_DUMMY_\nblockchain:db=default\nblockchain:db_readonly=False\nblockchain:fPIC=True\nblockchain:fix_march=False\nblockchain:glibcxx_supports_cxx11_abi=True\nblockchain:keoken=False\nblockchain:log=boost\nblockchain:march_id=4fZKi37a595hP\nblockchain:mempool=False\nblockchain:microarchitecture=x86-64\nblockchain:shared=False\nblockchain:tests=False\nblockchain:tools=False\nblockchain:use_libmdbx=False\nblockchain:verbose=False\nboost:cflags=_DUMMY_\nboost:cppstd=17\nboost:cxxflags=_DUMMY_\nboost:fPIC=True\nboost:fix_march=False\nboost:glibcxx_supports_cxx11_abi=True\nboost:header_only=False\nboost:march_id=4fZKi37a595hP\nboost:microarchitecture=x86-64\nboost:shared=False\nboost:use_bzip2=False\nboost:use_icu=True\nboost:use_zlib=False\nboost:verbose=False\nboost:without_atomic=True\nboost:without_chrono=True\nboost:without_container=True\nboost:without_context=True\nboost:without_contract=True\nboost:without_coroutine=True\nboost:without_date_time=False\nboost:without_exception=True\nboost:without_fiber=True\nboost:without_filesystem=False\nboost:without_graph=True\nboost:without_graph_parallel=True\nboost:without_headers=True\nboost:without_iostreams=False\nboost:without_locale=False\nboost:without_log=False\nboost:without_math=True\nboost:without_mpi=True\nboost:without_nowide=True\nboost:without_program_options=False\nboost:without_python=True\nboost:without_random=True\nboost:without_regex=True\nboost:without_serialization=True\nboost:without_stacktrace=True\nboost:without_system=False\nboost:without_test=False\nboost:without_thread=True\nboost:without_timer=True\nboost:without_type_erasure=True\nboost:without_wave=True\nconsensus:cflags=_DUMMY_\nconsensus:cmake_export_compile_commands=False\nconsensus:currency=BCH\nconsensus:cxxflags=_DUMMY_\nconsensus:fPIC=True\nconsensus:fix_march=False\nconsensus:glibcxx_supports_cxx11_abi=True\nconsensus:march_id=4fZKi37a595hP\nconsensus:microarchitecture=x86-64\nconsensus:shared=False\nconsensus:tests=False\nconsensus:verbose=False\ndatabase:cached_rpc_data=False\ndatabase:cflags=_DUMMY_\ndatabase:cmake_export_compile_commands=False\ndatabase:currency=BCH\ndatabase:cxxflags=_DUMMY_\ndatabase:db=default\ndatabase:db_readonly=False\ndatabase:fPIC=True\ndatabase:fix_march=False\ndatabase:glibcxx_supports_cxx11_abi=True\ndatabase:log=boost\ndatabase:march_id=4fZKi37a595hP\ndatabase:measurements=False\ndatabase:microarchitecture=x86-64\ndatabase:shared=False\ndatabase:tests=False\ndatabase:tools=False\ndatabase:use_libmdbx=False\ndatabase:verbose=False\ndomain:cached_rpc_data=False\ndomain:cflags=_DUMMY_\ndomain:cmake_export_compile_commands=False\ndomain:currency=BCH\ndomain:cxxflags=_DUMMY_\ndomain:examples=False\ndomain:fPIC=True\ndomain:fix_march=False\ndomain:glibcxx_supports_cxx11_abi=True\ndomain:keoken=False\ndomain:log=boost\ndomain:march_id=4fZKi37a595hP\ndomain:microarchitecture=x86-64\ndomain:shared=False\ndomain:tests=False\ndomain:verbose=False\ndomain:with_icu=False\ndomain:with_qrencode=False\nfmt:header_only=True\nfmt:with_fmt_alias=False\ngmp:disable-fft=False\ngmp:disable_assembly=False\ngmp:enable-assert=False\ngmp:enable_cxx=True\ngmp:enable_fat=False\ngmp:fPIC=True\ngmp:microarchitecture=x86_64\ngmp:shared=False\nicu:cflags=_DUMMY_\nicu:cxxflags=_DUMMY_\nicu:data_packaging=archive\nicu:fPIC=True\nicu:fix_march=False\nicu:glibcxx_supports_cxx11_abi=True\nicu:march_id=4fZKi37a595hP\nicu:microarchitecture=x86-64\nicu:shared=False\nicu:tests=False\nicu:verbose=False\ninfrastructure:cflags=_DUMMY_\ninfrastructure:cmake_export_compile_commands=False\ninfrastructure:cxxflags=_DUMMY_\ninfrastructure:examples=False\ninfrastructure:fPIC=True\ninfrastructure:fix_march=False\ninfrastructure:glibcxx_supports_cxx11_abi=True\ninfrastructure:log=boost\ninfrastructure:march_id=4fZKi37a595hP\ninfrastructure:microarchitecture=x86-64\ninfrastructure:shared=False\ninfrastructure:tests=False\ninfrastructure:verbose=False\ninfrastructure:with_icu=False\ninfrastructure:with_png=False\ninfrastructure:with_qrencode=False\nlmdb:fPIC=True\nlmdb:shared=False\nlmdb:verbose=False\nnetwork:cflags=_DUMMY_\nnetwork:cmake_export_compile_commands=False\nnetwork:currency=BCH\nnetwork:cxxflags=_DUMMY_\nnetwork:fPIC=True\nnetwork:fix_march=False\nnetwork:glibcxx_supports_cxx11_abi=True\nnetwork:log=boost\nnetwork:march_id=4fZKi37a595hP\nnetwork:microarchitecture=x86-64\nnetwork:shared=False\nnetwork:tests=False\nnetwork:verbose=False\nsecp256k1:benchmark=False\nsecp256k1:bignum_lib=True\nsecp256k1:cflags=_DUMMY_\nsecp256k1:cmake_export_compile_commands=False\nsecp256k1:cxxflags=_DUMMY_\nsecp256k1:enable_ecmult_static_precomputation=False\nsecp256k1:enable_endomorphism=False\nsecp256k1:enable_experimental=False\nsecp256k1:enable_module_ecdh=False\nsecp256k1:enable_module_multiset=True\nsecp256k1:enable_module_recovery=True\nsecp256k1:enable_module_schnorr=True\nsecp256k1:fPIC=True\nsecp256k1:fix_march=False\nsecp256k1:march_id=4fZKi37a595hP\nsecp256k1:microarchitecture=x86-64\nsecp256k1:openssl_tests=False\nsecp256k1:shared=False\nsecp256k1:tests=False\nsecp256k1:verbose=False",
    "package_id": "df98494f44caae7463b2108e86893d24c1a6d767",
    "prev": "0",
    "requires": [
     "3",
     "15"
    ],
    "context": "host"
   },
   "3": {
    "ref": "blockchain/0.4.0@kth/staging",
    "options": "cflags=_DUMMY_\ncmake_export_compile_commands=False\nconsensus=True\ncurrency=BCH\ncxxflags=_DUMMY_\ndb=default\ndb_readonly=False\nfPIC=True\nfix_march=False\nglibcxx_supports_cxx11_abi=True\nkeoken=False\nlog=boost\nmarch_id=4fZKi37a595hP\nmempool=False\nmicroarchitecture=x86-64\nshared=False\ntests=False\ntools=False\nuse_libmdbx=False\nverbose=False\nalgorithm:tests=False\nboost:cflags=_DUMMY_\nboost:cppstd=17\nboost:cxxflags=_DUMMY_\nboost:fPIC=True\nboost:fix_march=False\nboost:glibcxx_supports_cxx11_abi=True\nboost:header_only=False\nboost:march_id=4fZKi37a595hP\nboost:microarchitecture=x86-64\nboost:shared=False\nboost:use_bzip2=False\nboost:use_icu=True\nboost:use_zlib=False\nboost:verbose=False\nboost:without_atomic=True\nboost:without_chrono=True\nboost:without_container=True\nboost:without_context=True\nboost:without_contract=True\nboost:without_coroutine=True\nboost:without_date_time=False\nboost:without_exception=True\nboost:without_fiber=True\nboost:without_filesystem=False\nboost:without_graph=True\nboost:without_graph_parallel=True\nboost:without_headers=True\nboost:without_iostreams=False\nboost:without_locale=False\nboost:without_log=False\nboost:without_math=True\nboost:without_mpi=True\nboost:without_nowide=True\nboost:without_program_options=False\nboost:without_python=True\nboost:without_random=True\nboost:without_regex=True\nboost:without_serialization=True\nboost:without_stacktrace=True\nboost:without_system=False\nboost:without_test=False\nboost:without_thread=True\nboost:without_timer=True\nboost:without_type_erasure=True\nboost:without_wave=True\nconsensus:cflags=_DUMMY_\nconsensus:cmake_export_compile_commands=False\nconsensus:currency=BCH\nconsensus:cxxflags=_DUMMY_\nconsensus:fPIC=True\nconsensus:fix_march=False\nconsensus:glibcxx_supports_cxx11_abi=True\nconsensus:march_id=4fZKi37a595hP\nconsensus:microarchitecture=x86-64\nconsensus:shared=False\nconsensus:tests=False\nconsensus:verbose=False\ndatabase:cached_rpc_data=False\ndatabase:cflags=_DUMMY_\ndatabase:cmake_export_compile_commands=False\ndatabase:currency=BCH\ndatabase:cxxflags=_DUMMY_\ndatabase:db=default\ndatabase:db_readonly=False\ndatabase:fPIC=True\ndatabase:fix_march=False\ndatabase:glibcxx_supports_cxx11_abi=True\ndatabase:log=boost\ndatabase:march_id=4fZKi37a595hP\ndatabase:measurements=False\ndatabase:microarchitecture=x86-64\ndatabase:shared=False\ndatabase:tests=False\ndatabase:tools=False\ndatabase:use_libmdbx=False\ndatabase:verbose=False\ndomain:cached_rpc_data=False\ndomain:cflags=_DUMMY_\ndomain:cmake_export_compile_commands=False\ndomain:currency=BCH\ndomain:cxxflags=_DUMMY_\ndomain:examples=False\ndomain:fPIC=True\ndomain:fix_march=False\ndomain:glibcxx_supports_cxx11_abi=True\ndomain:keoken=False\ndomain:log=boost\ndomain:march_id=4fZKi37a595hP\ndomain:microarchitecture=x86-64\ndomain:shared=False\ndomain:tests=False\ndomain:verbose=False\ndomain:with_icu=False\ndomain:with_qrencode=False\nfmt:header_only=True\nfmt:with_fmt_alias=False\ngmp:disable-fft=False\ngmp:disable_assembly=False\ngmp:enable-assert=False\ngmp:enable_cxx=True\ngmp:enable_fat=False\ngmp:fPIC=True\ngmp:microarchitecture=x86_64\ngmp:shared=False\nicu:cflags=_DUMMY_\nicu:cxxflags=_DUMMY_\nicu:data_packaging=archive\nicu:fPIC=True\nicu:fix_march=False\nicu:glibcxx_supports_cxx11_abi=True\nicu:march_id=4fZKi37a595hP\nicu:microarchitecture=x86-64\nicu:shared=False\nicu:tests=False\nicu:verbose=False\ninfrastructure:cflags=_DUMMY_\ninfrastructure:cmake_export_compile_commands=False\ninfrastructure:cxxflags=_DUMMY_\ninfrastructure:examples=False\ninfrastructure:fPIC=True\ninfrastructure:fix_march=False\ninfrastructure:glibcxx_supports_cxx11_abi=True\ninfrastructure:log=boost\ninfrastructure:march_id=4fZKi37a595hP\ninfrastructure:microarchitecture=x86-64\ninfrastructure:shared=False\ninfrastructure:tests=False\ninfrastructure:verbose=False\ninfrastructure:with_icu=False\ninfrastructure:with_png=False\ninfrastructure:with_qrencode=False\nlmdb:fPIC=True\nlmdb:shared=False\nlmdb:verbose=False\nsecp256k1:benchmark=False\nsecp256k1:bignum_lib=True\nsecp256k1:cflags=_DUMMY_\nsecp256k1:cmake_export_compile_commands=False\nsecp256k1:cxxflags=_DUMMY_\nsecp256k1:enable_ecmult_static_precomputation=False\nsecp256k1:enable_endomorphism=False\nsecp256k1:enable_experimental=False\nsecp256k1:enable_module_ecdh=False\nsecp256k1:enable_module_multiset=True\nsecp256k1:enable_module_recovery=True\nsecp256k1:enable_module_schnorr=True\nsecp256k1:fPIC=True\nsecp256k1:fix_march=False\nsecp256k1:march_id=4fZKi37a595hP\nsecp256k1:microarchitecture=x86-64\nsecp256k1:openssl_tests=False\nsecp256k1:shared=False\nsecp256k1:tests=False\nsecp256k1:verbose=False",
    "package_id": "b0073e231a04561a167e0d18fcb410e4a7974cae",
    "prev": "0",
    "requires": [
     "4",
     "14"
    ],
    "context": "host"
   },
   "4": {
    "ref": "database/0.4.0@kth/staging",
    "options": "cached_rpc_data=False\ncflags=_DUMMY_\ncmake_export_compile_commands=False\ncurrency=BCH\ncxxflags=_DUMMY_\ndb=default\ndb_readonly=False\nfPIC=True\nfix_march=False\nglibcxx_supports_cxx11_abi=True\nlog=boost\nmarch_id=4fZKi37a595hP\nmeasurements=False\nmicroarchitecture=x86-64\nshared=False\ntests=False\ntools=False\nuse_libmdbx=False\nverbose=False\nalgorithm:tests=False\nboost:cflags=_DUMMY_\nboost:cppstd=17\nboost:cxxflags=_DUMMY_\nboost:fPIC=True\nboost:fix_march=False\nboost:glibcxx_supports_cxx11_abi=True\nboost:header_only=False\nboost:march_id=4fZKi37a595hP\nboost:microarchitecture=x86-64\nboost:shared=False\nboost:use_bzip2=False\nboost:use_icu=True\nboost:use_zlib=False\nboost:verbose=False\nboost:without_atomic=True\nboost:without_chrono=True\nboost:without_container=True\nboost:without_context=True\nboost:without_contract=True\nboost:without_coroutine=True\nboost:without_date_time=False\nboost:without_exception=True\nboost:without_fiber=True\nboost:without_filesystem=False\nboost:without_graph=True\nboost:without_graph_parallel=True\nboost:without_headers=True\nboost:without_iostreams=False\nboost:without_locale=False\nboost:without_log=False\nboost:without_math=True\nboost:without_mpi=True\nboost:without_nowide=True\nboost:without_program_options=False\nboost:without_python=True\nboost:without_random=True\nboost:without_regex=True\nboost:without_serialization=True\nboost:without_stacktrace=True\nboost:without_system=False\nboost:without_test=False\nboost:without_thread=True\nboost:without_timer=True\nboost:without_type_erasure=True\nboost:without_wave=True\ndomain:cached_rpc_data=False\ndomain:cflags=_DUMMY_\ndomain:cmake_export_compile_commands=False\ndomain:currency=BCH\ndomain:cxxflags=_DUMMY_\ndomain:examples=False\ndomain:fPIC=True\ndomain:fix_march=False\ndomain:glibcxx_supports_cxx11_abi=True\ndomain:keoken=False\ndomain:log=boost\ndomain:march_id=4fZKi37a595hP\ndomain:microarchitecture=x86-64\ndomain:shared=False\ndomain:tests=False\ndomain:verbose=False\ndomain:with_icu=False\ndomain:with_qrencode=False\nfmt:header_only=True\nfmt:with_fmt_alias=False\ngmp:disable-fft=False\ngmp:disable_assembly=False\ngmp:enable-assert=False\ngmp:enable_cxx=True\ngmp:enable_fat=False\ngmp:fPIC=True\ngmp:microarchitecture=x86_64\ngmp:shared=False\nicu:cflags=_DUMMY_\nicu:cxxflags=_DUMMY_\nicu:data_packaging=archive\nicu:fPIC=True\nicu:fix_march=False\nicu:glibcxx_supports_cxx11_abi=True\nicu:march_id=4fZKi37a595hP\nicu:microarchitecture=x86-64\nicu:shared=False\nicu:tests=False\nicu:verbose=False\ninfrastructure:cflags=_DUMMY_\ninfrastructure:cmake_export_compile_commands=False\ninfrastructure:cxxflags=_DUMMY_\ninfrastructure:examples=False\ninfrastructure:fPIC=True\ninfrastructure:fix_march=False\ninfrastructure:glibcxx_supports_cxx11_abi=True\ninfrastructure:log=boost\ninfrastructure:march_id=4fZKi37a595hP\ninfrastructure:microarchitecture=x86-64\ninfrastructure:shared=False\ninfrastructure:tests=False\ninfrastructure:verbose=False\ninfrastructure:with_icu=False\ninfrastructure:with_png=False\ninfrastructure:with_qrencode=False\nlmdb:fPIC=True\nlmdb:shared=False\nlmdb:verbose=False\nsecp256k1:benchmark=False\nsecp256k1:bignum_lib=True\nsecp256k1:cflags=_DUMMY_\nsecp256k1:cmake_export_compile_commands=False\nsecp256k1:cxxflags=_DUMMY_\nsecp256k1:enable_ecmult_static_precomputation=False\nsecp256k1:enable_endomorphism=False\nsecp256k1:enable_experimental=False\nsecp256k1:enable_module_ecdh=False\nsecp256k1:enable_module_multiset=True\nsecp256k1:enable_module_recovery=True\nsecp256k1:enable_module_schnorr=True\nsecp256k1:fPIC=True\nsecp256k1:fix_march=False\nsecp256k1:march_id=4fZKi37a595hP\nsecp256k1:microarchitecture=x86-64\nsecp256k1:openssl_tests=False\nsecp256k1:shared=False\nsecp256k1:tests=False\nsecp256k1:verbose=False",
    "package_id": "0086b28d331619a18e55ba183228de08ac81bf82",
    "prev": "0",
    "requires": [
     "5",
     "6"
    ],
    "context": "host"
   },
   "5": {
    "ref": "lmdb/0.9.24@kth/stable",
    "options": "fPIC=True\nshared=False\nverbose=False",
    "package_id": "6cca70a32ef3ce70489d8b788bff75aaaacdc747",
    "prev": "0",
    "context": "host"
   },
   "6": {
    "ref": "domain/0.4.0@kth/staging",
    "options": "cached_rpc_data=False\ncflags=_DUMMY_\ncmake_export_compile_commands=False\ncurrency=BCH\ncxxflags=_DUMMY_\nexamples=False\nfPIC=True\nfix_march=False\nglibcxx_supports_cxx11_abi=True\nkeoken=False\nlog=boost\nmarch_id=4fZKi37a595hP\nmicroarchitecture=x86-64\nshared=False\ntests=False\nverbose=False\nwith_icu=False\nwith_qrencode=False\nalgorithm:tests=False\nboost:cflags=_DUMMY_\nboost:cppstd=17\nboost:cxxflags=_DUMMY_\nboost:fPIC=True\nboost:fix_march=False\nboost:glibcxx_supports_cxx11_abi=True\nboost:header_only=False\nboost:march_id=4fZKi37a595hP\nboost:microarchitecture=x86-64\nboost:shared=False\nboost:use_bzip2=False\nboost:use_icu=True\nboost:use_zlib=False\nboost:verbose=False\nboost:without_atomic=True\nboost:without_chrono=True\nboost:without_container=True\nboost:without_context=True\nboost:without_contract=True\nboost:without_coroutine=True\nboost:without_date_time=False\nboost:without_exception=True\nboost:without_fiber=True\nboost:without_filesystem=False\nboost:without_graph=True\nboost:without_graph_parallel=True\nboost:without_headers=True\nboost:without_iostreams=False\nboost:without_locale=False\nboost:without_log=False\nboost:without_math=True\nboost:without_mpi=True\nboost:without_nowide=True\nboost:without_program_options=False\nboost:without_python=True\nboost:without_random=True\nboost:without_regex=True\nboost:without_serialization=True\nboost:without_stacktrace=True\nboost:without_system=False\nboost:without_test=False\nboost:without_thread=True\nboost:without_timer=True\nboost:without_type_erasure=True\nboost:without_wave=True\nfmt:header_only=True\nfmt:with_fmt_alias=False\ngmp:disable-fft=False\ngmp:disable_assembly=False\ngmp:enable-assert=False\ngmp:enable_cxx=True\ngmp:enable_fat=False\ngmp:fPIC=True\ngmp:microarchitecture=x86_64\ngmp:shared=False\nicu:cflags=_DUMMY_\nicu:cxxflags=_DUMMY_\nicu:data_packaging=archive\nicu:fPIC=True\nicu:fix_march=False\nicu:glibcxx_supports_cxx11_abi=True\nicu:march_id=4fZKi37a595hP\nicu:microarchitecture=x86-64\nicu:shared=False\nicu:tests=False\nicu:verbose=False\ninfrastructure:cflags=_DUMMY_\ninfrastructure:cmake_export_compile_commands=False\ninfrastructure:cxxflags=_DUMMY_\ninfrastructure:examples=False\ninfrastructure:fPIC=True\ninfrastructure:fix_march=False\ninfrastructure:glibcxx_supports_cxx11_abi=True\ninfrastructure:log=boost\ninfrastructure:march_id=4fZKi37a595hP\ninfrastructure:microarchitecture=x86-64\ninfrastructure:shared=False\ninfrastructure:tests=False\ninfrastructure:verbose=False\ninfrastructure:with_icu=False\ninfrastructure:with_png=False\ninfrastructure:with_qrencode=False\nsecp256k1:benchmark=False\nsecp256k1:bignum_lib=True\nsecp256k1:cflags=_DUMMY_\nsecp256k1:cmake_export_compile_commands=False\nsecp256k1:cxxflags=_DUMMY_\nsecp256k1:enable_ecmult_static_precomputation=False\nsecp256k1:enable_endomorphism=False\nsecp256k1:enable_experimental=False\nsecp256k1:enable_module_ecdh=False\nsecp256k1:enable_module_multiset=True\nsecp256k1:enable_module_recovery=True\nsecp256k1:enable_module_schnorr=True\nsecp256k1:fPIC=True\nsecp256k1:fix_march=False\nsecp256k1:march_id=4fZKi37a595hP\nsecp256k1:microarchitecture=x86-64\nsecp256k1:openssl_tests=False\nsecp256k1:shared=False\nsecp256k1:tests=False\nsecp256k1:verbose=False",
    "package_id": "a6f4b27f35ba56bf9af5fe38ddaabbb9a6cdb27d",
    "prev": "0",
    "requires": [
     "7",
     "8",
     "10"
    ],
    "context": "host"
   },
   "7": {
    "ref": "algorithm/0.1.220@tao/stable",
    "options": "tests=False",
    "package_id": "4840973d2444cde9f04ae865e38e3aaa6dc0f094",
    "prev": "0",
    "context": "host"
   },
   "8": {
    "ref": "secp256k1/0.3.0@kth/staging",
    "options": "benchmark=False\nbignum_lib=True\ncflags=_DUMMY_\ncmake_export_compile_commands=False\ncxxflags=_DUMMY_\nenable_ecmult_static_precomputation=False\nenable_endomorphism=False\nenable_experimental=False\nenable_module_ecdh=False\nenable_module_multiset=True\nenable_module_recovery=True\nenable_module_schnorr=True\nfPIC=True\nfix_march=False\nmarch_id=4fZKi37a595hP\nmicroarchitecture=x86-64\nopenssl_tests=False\nshared=False\ntests=False\nverbose=False\ngmp:disable-fft=False\ngmp:disable_assembly=False\ngmp:enable-assert=False\ngmp:enable_cxx=True\ngmp:enable_fat=False\ngmp:fPIC=True\ngmp:microarchitecture=x86_64\ngmp:shared=False",
    "package_id": "6e7e5cc3d470562cef7d7f098c2375124d52d2d4",
    "prev": "0",
    "requires": [
     "9"
    ],
    "context": "host"
   },
   "9": {
    "ref": "gmp/6.2.0@kth/stable",
    "options": "disable-fft=False\ndisable_assembly=False\nenable-assert=False\nenable_cxx=True\nenable_fat=False\nfPIC=True\nmicroarchitecture=x86_64\nshared=False",
    "package_id": "d5b42b1ad34764a6c2cd6b618f3ac4bec3948aff",
    "prev": "0",
    "context": "host"
   },
   "10": {
    "ref": "infrastructure/0.4.0@kth/staging",
    "options": "cflags=_DUMMY_\ncmake_export_compile_commands=False\ncxxflags=_DUMMY_\nexamples=False\nfPIC=True\nfix_march=False\nglibcxx_supports_cxx11_abi=True\nlog=boost\nmarch_id=4fZKi37a595hP\nmicroarchitecture=x86-64\nshared=False\ntests=False\nverbose=False\nwith_icu=False\nwith_png=False\nwith_qrencode=False\nboost:cflags=_DUMMY_\nboost:cppstd=17\nboost:cxxflags=_DUMMY_\nboost:fPIC=True\nboost:fix_march=False\nboost:glibcxx_supports_cxx11_abi=True\nboost:header_only=False\nboost:march_id=4fZKi37a595hP\nboost:microarchitecture=x86-64\nboost:shared=False\nboost:use_bzip2=False\nboost:use_icu=True\nboost:use_zlib=False\nboost:verbose=False\nboost:without_atomic=True\nboost:without_chrono=True\nboost:without_container=True\nboost:without_context=True\nboost:without_contract=True\nboost:without_coroutine=True\nboost:without_date_time=False\nboost:without_exception=True\nboost:without_fiber=True\nboost:without_filesystem=False\nboost:without_graph=True\nboost:without_graph_parallel=True\nboost:without_headers=True\nboost:without_iostreams=False\nboost:without_locale=False\nboost:without_log=False\nboost:without_math=True\nboost:without_mpi=True\nboost:without_nowide=True\nboost:without_program_options=False\nboost:without_python=True\nboost:without_random=True\nboost:without_regex=True\nboost:without_serialization=True\nboost:without_stacktrace=True\nboost:without_system=False\nboost:without_test=False\nboost:without_thread=True\nboost:without_timer=True\nboost:without_type_erasure=True\nboost:without_wave=True\nfmt:header_only=True\nfmt:with_fmt_alias=False\ngmp:disable-fft=False\ngmp:disable_assembly=False\ngmp:enable-assert=False\ngmp:enable_cxx=True\ngmp:enable_fat=False\ngmp:fPIC=True\ngmp:microarchitecture=x86_64\ngmp:shared=False\nicu:cflags=_DUMMY_\nicu:cxxflags=_DUMMY_\nicu:data_packaging=archive\nicu:fPIC=True\nicu:fix_march=False\nicu:glibcxx_supports_cxx11_abi=True\nicu:march_id=4fZKi37a595hP\nicu:microarchitecture=x86-64\nicu:shared=False\nicu:tests=False\nicu:verbose=False\nsecp256k1:benchmark=False\nsecp256k1:bignum_lib=True\nsecp256k1:cflags=_DUMMY_\nsecp256k1:cmake_export_compile_commands=False\nsecp256k1:cxxflags=_DUMMY_\nsecp256k1:enable_ecmult_static_precomputation=False\nsecp256k1:enable_endomorphism=False\nsecp256k1:enable_experimental=False\nsecp256k1:enable_module_ecdh=False\nsecp256k1:enable_module_multiset=True\nsecp256k1:enable_module_recovery=True\nsecp256k1:enable_module_schnorr=True\nsecp256k1:fPIC=True\nsecp256k1:fix_march=False\nsecp256k1:march_id=4fZKi37a595hP\nsecp256k1:microarchitecture=x86-64\nsecp256k1:openssl_tests=False\nsecp256k1:shared=False\nsecp256k1:tests=False\nsecp256k1:verbose=False",
    "package_id": "4c2ba25ed18673ddd4c5e64eb8bde8e75bbd0212",
    "prev": "0",
    "requires": [
     "11",
     "8",
     "13"
    ],
    "context": "host"
   },
   "11": {
    "ref": "boost/1.73.0@kth/stable",
    "options": "cflags=_DUMMY_\ncppstd=17\ncxxflags=_DUMMY_\nfPIC=True\nfix_march=False\nglibcxx_supports_cxx11_abi=True\nheader_only=False\nmarch_id=4fZKi37a595hP\nmicroarchitecture=x86-64\nshared=False\nuse_bzip2=False\nuse_icu=True\nuse_zlib=False\nverbose=False\nwithout_atomic=True\nwithout_chrono=True\nwithout_container=True\nwithout_context=True\nwithout_contract=True\nwithout_coroutine=True\nwithout_date_time=False\nwithout_exception=True\nwithout_fiber=True\nwithout_filesystem=False\nwithout_graph=True\nwithout_graph_parallel=True\nwithout_headers=True\nwithout_iostreams=False\nwithout_locale=False\nwithout_log=False\nwithout_math=True\nwithout_mpi=True\nwithout_nowide=True\nwithout_program_options=False\nwithout_python=True\nwithout_random=True\nwithout_regex=True\nwithout_serialization=True\nwithout_stacktrace=True\nwithout_system=False\nwithout_test=False\nwithout_thread=True\nwithout_timer=True\nwithout_type_erasure=True\nwithout_wave=True\nicu:cflags=_DUMMY_\nicu:cxxflags=_DUMMY_\nicu:data_packaging=archive\nicu:fPIC=True\nicu:fix_march=False\nicu:glibcxx_supports_cxx11_abi=True\nicu:march_id=4fZKi37a595hP\nicu:microarchitecture=x86-64\nicu:shared=False\nicu:tests=False\nicu:verbose=False",
    "package_id": "f6c3b68f3c1c7e955e7e31732aa49fdc4b8ba0bd",
    "prev": "0",
    "requires": [
     "12"
    ],
    "context": "host"
   },
   "12": {
    "ref": "icu/64.2@kth/stable",
    "options": "cflags=_DUMMY_\ncxxflags=_DUMMY_\ndata_packaging=archive\nfPIC=True\nfix_march=False\nglibcxx_supports_cxx11_abi=True\nmarch_id=4fZKi37a595hP\nmicroarchitecture=x86-64\nshared=False\ntests=False\nverbose=False",
    "package_id": "240b2b9aa92978b30e3bdeff201f5399827beafa",
    "prev": "0",
    "context": "host"
   },
   "13": {
    "ref": "fmt/6.2.0",
    "options": "header_only=True\nwith_fmt_alias=False",
    "package_id": "5ab84d6acfe1f23c4fae0ab88f26e3a396351ac9",
    "prev": "0",
    "context": "host"
   },
   "14": {
    "ref": "consensus/0.4.0@kth/staging",
    "options": "cflags=_DUMMY_\ncmake_export_compile_commands=False\ncurrency=BCH\ncxxflags=_DUMMY_\nfPIC=True\nfix_march=False\nglibcxx_supports_cxx11_abi=True\nmarch_id=4fZKi37a595hP\nmicroarchitecture=x86-64\nshared=False\ntests=False\nverbose=False\nboost:cflags=_DUMMY_\nboost:cppstd=17\nboost:cxxflags=_DUMMY_\nboost:fPIC=True\nboost:fix_march=False\nboost:glibcxx_supports_cxx11_abi=True\nboost:header_only=False\nboost:march_id=4fZKi37a595hP\nboost:microarchitecture=x86-64\nboost:shared=False\nboost:use_bzip2=False\nboost:use_icu=True\nboost:use_zlib=False\nboost:verbose=False\nboost:without_atomic=True\nboost:without_chrono=True\nboost:without_container=True\nboost:without_context=True\nboost:without_contract=True\nboost:without_coroutine=True\nboost:without_date_time=False\nboost:without_exception=True\nboost:without_fiber=True\nboost:without_filesystem=False\nboost:without_graph=True\nboost:without_graph_parallel=True\nboost:without_headers=True\nboost:without_iostreams=False\nboost:without_locale=False\nboost:without_log=False\nboost:without_math=True\nboost:without_mpi=True\nboost:without_nowide=True\nboost:without_program_options=False\nboost:without_python=True\nboost:without_random=True\nboost:without_regex=True\nboost:without_serialization=True\nboost:without_stacktrace=True\nboost:without_system=False\nboost:without_test=False\nboost:without_thread=True\nboost:without_timer=True\nboost:without_type_erasure=True\nboost:without_wave=True\ngmp:disable-fft=False\ngmp:disable_assembly=False\ngmp:enable-assert=False\ngmp:enable_cxx=True\ngmp:enable_fat=False\ngmp:fPIC=True\ngmp:microarchitecture=x86_64\ngmp:shared=False\nicu:cflags=_DUMMY_\nicu:cxxflags=_DUMMY_\nicu:data_packaging=archive\nicu:fPIC=True\nicu:fix_march=False\nicu:glibcxx_supports_cxx11_abi=True\nicu:march_id=4fZKi37a595hP\nicu:microarchitecture=x86-64\nicu:shared=False\nicu:tests=False\nicu:verbose=False\nsecp256k1:benchmark=False\nsecp256k1:bignum_lib=True\nsecp256k1:cflags=_DUMMY_\nsecp256k1:cmake_export_compile_commands=False\nsecp256k1:cxxflags=_DUMMY_\nsecp256k1:enable_ecmult_static_precomputation=False\nsecp256k1:enable_endomorphism=False\nsecp256k1:enable_experimental=False\nsecp256k1:enable_module_ecdh=False\nsecp256k1:enable_module_multiset=True\nsecp256k1:enable_module_recovery=True\nsecp256k1:enable_module_schnorr=True\nsecp256k1:fPIC=True\nsecp256k1:fix_march=False\nsecp256k1:march_id=4fZKi37a595hP\nsecp256k1:microarchitecture=x86-64\nsecp256k1:openssl_tests=False\nsecp256k1:shared=False\nsecp256k1:tests=False\nsecp256k1:verbose=False",
    "package_id": "61773132647f5d39b0ac63bc62d4d775b7621a7f",
    "prev": "0",
    "requires": [
     "11",
     "8"
    ],
    "context": "host"
   },
   "15": {
    "ref": "network/0.4.0@kth/staging",
    "options": "cflags=_DUMMY_\ncmake_export_compile_commands=False\ncurrency=BCH\ncxxflags=_DUMMY_\nfPIC=True\nfix_march=False\nglibcxx_supports_cxx11_abi=True\nlog=boost\nmarch_id=4fZKi37a595hP\nmicroarchitecture=x86-64\nshared=False\ntests=False\nverbose=False\nalgorithm:tests=False\nboost:cflags=_DUMMY_\nboost:cppstd=17\nboost:cxxflags=_DUMMY_\nboost:fPIC=True\nboost:fix_march=False\nboost:glibcxx_supports_cxx11_abi=True\nboost:header_only=False\nboost:march_id=4fZKi37a595hP\nboost:microarchitecture=x86-64\nboost:shared=False\nboost:use_bzip2=False\nboost:use_icu=True\nboost:use_zlib=False\nboost:verbose=False\nboost:without_atomic=True\nboost:without_chrono=True\nboost:without_container=True\nboost:without_context=True\nboost:without_contract=True\nboost:without_coroutine=True\nboost:without_date_time=False\nboost:without_exception=True\nboost:without_fiber=True\nboost:without_filesystem=False\nboost:without_graph=True\nboost:without_graph_parallel=True\nboost:without_headers=True\nboost:without_iostreams=False\nboost:without_locale=False\nboost:without_log=False\nboost:without_math=True\nboost:without_mpi=True\nboost:without_nowide=True\nboost:without_program_options=False\nboost:without_python=True\nboost:without_random=True\nboost:without_regex=True\nboost:without_serialization=True\nboost:without_stacktrace=True\nboost:without_system=False\nboost:without_test=False\nboost:without_thread=True\nboost:without_timer=True\nboost:without_type_erasure=True\nboost:without_wave=True\ndomain:cached_rpc_data=False\ndomain:cflags=_DUMMY_\ndomain:cmake_export_compile_commands=False\ndomain:currency=BCH\ndomain:cxxflags=_DUMMY_\ndomain:examples=False\ndomain:fPIC=True\ndomain:fix_march=False\ndomain:glibcxx_supports_cxx11_abi=True\ndomain:keoken=False\ndomain:log=boost\ndomain:march_id=4fZKi37a595hP\ndomain:microarchitecture=x86-64\ndomain:shared=False\ndomain:tests=False\ndomain:verbose=False\ndomain:with_icu=False\ndomain:with_qrencode=False\nfmt:header_only=True\nfmt:with_fmt_alias=False\ngmp:disable-fft=False\ngmp:disable_assembly=False\ngmp:enable-assert=False\ngmp:enable_cxx=True\ngmp:enable_fat=False\ngmp:fPIC=True\ngmp:microarchitecture=x86_64\ngmp:shared=False\nicu:cflags=_DUMMY_\nicu:cxxflags=_DUMMY_\nicu:data_packaging=archive\nicu:fPIC=True\nicu:fix_march=False\nicu:glibcxx_supports_cxx11_abi=True\nicu:march_id=4fZKi37a595hP\nicu:microarchitecture=x86-64\nicu:shared=False\nicu:tests=False\nicu:verbose=False\ninfrastructure:cflags=_DUMMY_\ninfrastructure:cmake_export_compile_commands=False\ninfrastructure:cxxflags=_DUMMY_\ninfrastructure:examples=False\ninfrastructure:fPIC=True\ninfrastructure:fix_march=False\ninfrastructure:glibcxx_supports_cxx11_abi=True\ninfrastructure:log=boost\ninfrastructure:march_id=4fZKi37a595hP\ninfrastructure:microarchitecture=x86-64\ninfrastructure:shared=False\ninfrastructure:tests=False\ninfrastructure:verbose=False\ninfrastructure:with_icu=False\ninfrastructure:with_png=False\ninfrastructure:with_qrencode=False\nsecp256k1:benchmark=False\nsecp256k1:bignum_lib=True\nsecp256k1:cflags=_DUMMY_\nsecp256k1:cmake_export_compile_commands=False\nsecp256k1:cxxflags=_DUMMY_\nsecp256k1:enable_ecmult_static_precomputation=False\nsecp256k1:enable_endomorphism=False\nsecp256k1:enable_experimental=False\nsecp256k1:enable_module_ecdh=False\nsecp256k1:enable_module_multiset=True\nsecp256k1:enable_module_recovery=True\nsecp256k1:enable_module_schnorr=True\nsecp256k1:fPIC=True\nsecp256k1:fix_march=False\nsecp256k1:march_id=4fZKi37a595hP\nsecp256k1:microarchitecture=x86-64\nsecp256k1:openssl_tests=False\nsecp256k1:shared=False\nsecp256k1:tests=False\nsecp256k1:verbose=False",
    "package_id": "4182daf51b1d97146daa96e511538bd829c5fcb8",
    "prev": "0",
    "requires": [
     "6"
    ],
    "context": "host"
   }
  },
  "revisions_enabled": false
 },
 "version": "0.4",
 "profile_host": "[settings]\narch=x86_64\narch_build=x86_64\nbuild_type=Release\ncompiler=gcc\ncompiler.libcxx=libstdc++\ncompiler.version=10\nos=Linux\nos_build=Linux\n[options]\n[build_requires]\n[env]\n"
}